{
  "version": 4,
  "terraform_version": "1.14.3",
  "serial": 63,
  "lineage": "463ef2e6-63b1-a0f1-d079-671b67edb265",
  "outputs": {
    "locals_debug": {
      "value": {
        "all_repositories": {
          "NWarila": {
            "allow_auto_merge": true,
            "allow_forking": null,
            "allow_merge_commit": false,
            "allow_rebase_merge": false,
            "allow_squash_merge": true,
            "allow_update_branch": true,
            "archive_on_destroy": true,
            "archived": false,
            "auto_init": true,
            "branches": [
              "main"
            ],
            "delete_branch_on_merge": true,
            "dependabot_security_updates": true,
            "description": "GitHub profile README and account-level configuration repository.",
            "fork": false,
            "gitignore_template": null,
            "has_discussions": false,
            "has_issues": true,
            "has_projects": false,
            "has_wiki": false,
            "homepage_url": null,
            "ignore_vulnerability_alerts_during_read": false,
            "is_template": false,
            "license_template": "MIT",
            "merge_commit_message": null,
            "merge_commit_title": null,
            "name": "NWarila",
            "pages": null,
            "rules": [
              {
                "bypass_actors": [],
                "conditions": {
                  "exclude": [],
                  "include": [
                    "~DEFAULT_BRANCH"
                  ]
                },
                "enforcement": "active",
                "name": "Default Branch Protection",
                "rules": {
                  "branch_name_pattern": null,
                  "commit_author_email_pattern": null,
                  "commit_message_pattern": null,
                  "committer_email_pattern": null,
                  "copilot_code_review": null,
                  "creation": true,
                  "deletion": true,
                  "file_extension_restriction": null,
                  "file_path_restriction": null,
                  "max_file_path_length": null,
                  "max_file_size": null,
                  "merge_queue": null,
                  "non_fast_forward": true,
                  "pull_request": null,
                  "required_code_scanning": null,
                  "required_deployments": null,
                  "required_linear_history": true,
                  "required_signatures": true,
                  "required_status_checks": null,
                  "tag_name_pattern": null,
                  "update": false,
                  "update_allows_fetch_and_merge": null
                },
                "target": "branch"
              },
              {
                "bypass_actors": [
                  {
                    "actor_id": 5,
                    "actor_type": "RepositoryRole",
                    "bypass_mode": "pull_request"
                  }
                ],
                "conditions": {
                  "exclude": [],
                  "include": [
                    "~DEFAULT_BRANCH"
                  ]
                },
                "enforcement": "active",
                "name": "Pull Request Gate",
                "rules": {
                  "branch_name_pattern": null,
                  "commit_author_email_pattern": null,
                  "commit_message_pattern": null,
                  "committer_email_pattern": null,
                  "copilot_code_review": null,
                  "creation": null,
                  "deletion": null,
                  "file_extension_restriction": null,
                  "file_path_restriction": null,
                  "max_file_path_length": null,
                  "max_file_size": null,
                  "merge_queue": null,
                  "non_fast_forward": null,
                  "pull_request": {
                    "allowed_merge_methods": [
                      "squash"
                    ],
                    "dismiss_stale_reviews_on_push": true,
                    "require_code_owner_review": true,
                    "require_last_push_approval": true,
                    "required_approving_review_count": 1,
                    "required_review_thread_resolution": true
                  },
                  "required_code_scanning": null,
                  "required_deployments": null,
                  "required_linear_history": null,
                  "required_signatures": null,
                  "required_status_checks": null,
                  "tag_name_pattern": null,
                  "update": null,
                  "update_allows_fetch_and_merge": null
                },
                "target": "branch"
              }
            ],
            "security_and_analysis": {
              "advanced_security": null,
              "code_security": null,
              "secret_scanning": true,
              "secret_scanning_ai_detection": null,
              "secret_scanning_non_provider_patterns": null,
              "secret_scanning_push_protection": true
            },
            "source_owner": null,
            "source_repo": null,
            "squash_merge_commit_message": "PR_BODY",
            "squash_merge_commit_title": "PR_TITLE",
            "template": null,
            "topics": [],
            "visibility": "public",
            "vulnerability_alerts": true,
            "web_commit_signoff_required": true
          },
          "Resume": {
            "allow_auto_merge": true,
            "allow_forking": null,
            "allow_merge_commit": false,
            "allow_rebase_merge": false,
            "allow_squash_merge": true,
            "allow_update_branch": true,
            "archive_on_destroy": true,
            "archived": false,
            "auto_init": true,
            "branches": [
              "main"
            ],
            "delete_branch_on_merge": true,
            "dependabot_security_updates": true,
            "description": "Resume, CV, and career-related documents.",
            "fork": false,
            "gitignore_template": null,
            "has_discussions": false,
            "has_issues": true,
            "has_projects": false,
            "has_wiki": false,
            "homepage_url": null,
            "ignore_vulnerability_alerts_during_read": false,
            "is_template": false,
            "license_template": "MIT",
            "merge_commit_message": null,
            "merge_commit_title": null,
            "name": "Resume",
            "pages": null,
            "rules": [
              {
                "bypass_actors": [],
                "conditions": {
                  "exclude": [],
                  "include": [
                    "~DEFAULT_BRANCH"
                  ]
                },
                "enforcement": "active",
                "name": "Default Branch Protection",
                "rules": {
                  "branch_name_pattern": null,
                  "commit_author_email_pattern": null,
                  "commit_message_pattern": null,
                  "committer_email_pattern": null,
                  "copilot_code_review": null,
                  "creation": true,
                  "deletion": true,
                  "file_extension_restriction": null,
                  "file_path_restriction": null,
                  "max_file_path_length": null,
                  "max_file_size": null,
                  "merge_queue": null,
                  "non_fast_forward": true,
                  "pull_request": null,
                  "required_code_scanning": null,
                  "required_deployments": null,
                  "required_linear_history": true,
                  "required_signatures": true,
                  "required_status_checks": null,
                  "tag_name_pattern": null,
                  "update": false,
                  "update_allows_fetch_and_merge": null
                },
                "target": "branch"
              },
              {
                "bypass_actors": [
                  {
                    "actor_id": 5,
                    "actor_type": "RepositoryRole",
                    "bypass_mode": "pull_request"
                  }
                ],
                "conditions": {
                  "exclude": [],
                  "include": [
                    "~DEFAULT_BRANCH"
                  ]
                },
                "enforcement": "active",
                "name": "Pull Request Gate",
                "rules": {
                  "branch_name_pattern": null,
                  "commit_author_email_pattern": null,
                  "commit_message_pattern": null,
                  "committer_email_pattern": null,
                  "copilot_code_review": null,
                  "creation": null,
                  "deletion": null,
                  "file_extension_restriction": null,
                  "file_path_restriction": null,
                  "max_file_path_length": null,
                  "max_file_size": null,
                  "merge_queue": null,
                  "non_fast_forward": null,
                  "pull_request": {
                    "allowed_merge_methods": [
                      "squash"
                    ],
                    "dismiss_stale_reviews_on_push": true,
                    "require_code_owner_review": true,
                    "require_last_push_approval": true,
                    "required_approving_review_count": 1,
                    "required_review_thread_resolution": true
                  },
                  "required_code_scanning": null,
                  "required_deployments": null,
                  "required_linear_history": null,
                  "required_signatures": null,
                  "required_status_checks": null,
                  "tag_name_pattern": null,
                  "update": null,
                  "update_allows_fetch_and_merge": null
                },
                "target": "branch"
              }
            ],
            "security_and_analysis": null,
            "source_owner": null,
            "source_repo": null,
            "squash_merge_commit_message": "PR_BODY",
            "squash_merge_commit_title": "PR_TITLE",
            "template": null,
            "topics": [],
            "visibility": "private",
            "vulnerability_alerts": true,
            "web_commit_signoff_required": true
          },
          "github-terraform-runner": {
            "allow_auto_merge": true,
            "allow_forking": null,
            "allow_merge_commit": false,
            "allow_rebase_merge": false,
            "allow_squash_merge": true,
            "allow_update_branch": true,
            "archive_on_destroy": true,
            "archived": false,
            "auto_init": true,
            "branches": [
              "main"
            ],
            "delete_branch_on_merge": true,
            "dependabot_security_updates": true,
            "description": "GitHub Actions runner for executing the shared Terraform framework against NWarila personal repositories.",
            "fork": false,
            "gitignore_template": null,
            "has_discussions": false,
            "has_issues": true,
            "has_projects": false,
            "has_wiki": false,
            "homepage_url": null,
            "ignore_vulnerability_alerts_during_read": false,
            "is_template": false,
            "license_template": "MIT",
            "merge_commit_message": null,
            "merge_commit_title": null,
            "name": "github-terraform-runner",
            "pages": null,
            "rules": [
              {
                "bypass_actors": [],
                "conditions": {
                  "exclude": [],
                  "include": [
                    "~DEFAULT_BRANCH"
                  ]
                },
                "enforcement": "active",
                "name": "Default Branch Protection",
                "rules": {
                  "branch_name_pattern": null,
                  "commit_author_email_pattern": null,
                  "commit_message_pattern": null,
                  "committer_email_pattern": null,
                  "copilot_code_review": null,
                  "creation": true,
                  "deletion": true,
                  "file_extension_restriction": null,
                  "file_path_restriction": null,
                  "max_file_path_length": null,
                  "max_file_size": null,
                  "merge_queue": null,
                  "non_fast_forward": true,
                  "pull_request": null,
                  "required_code_scanning": null,
                  "required_deployments": null,
                  "required_linear_history": true,
                  "required_signatures": true,
                  "required_status_checks": null,
                  "tag_name_pattern": null,
                  "update": false,
                  "update_allows_fetch_and_merge": null
                },
                "target": "branch"
              },
              {
                "bypass_actors": [
                  {
                    "actor_id": 5,
                    "actor_type": "RepositoryRole",
                    "bypass_mode": "pull_request"
                  }
                ],
                "conditions": {
                  "exclude": [],
                  "include": [
                    "~DEFAULT_BRANCH"
                  ]
                },
                "enforcement": "active",
                "name": "Pull Request Gate",
                "rules": {
                  "branch_name_pattern": null,
                  "commit_author_email_pattern": null,
                  "commit_message_pattern": null,
                  "committer_email_pattern": null,
                  "copilot_code_review": null,
                  "creation": null,
                  "deletion": null,
                  "file_extension_restriction": null,
                  "file_path_restriction": null,
                  "max_file_path_length": null,
                  "max_file_size": null,
                  "merge_queue": null,
                  "non_fast_forward": null,
                  "pull_request": {
                    "allowed_merge_methods": [
                      "squash"
                    ],
                    "dismiss_stale_reviews_on_push": true,
                    "require_code_owner_review": true,
                    "require_last_push_approval": true,
                    "required_approving_review_count": 1,
                    "required_review_thread_resolution": true
                  },
                  "required_code_scanning": null,
                  "required_deployments": null,
                  "required_linear_history": null,
                  "required_signatures": null,
                  "required_status_checks": null,
                  "tag_name_pattern": null,
                  "update": null,
                  "update_allows_fetch_and_merge": null
                },
                "target": "branch"
              }
            ],
            "security_and_analysis": null,
            "source_owner": null,
            "source_repo": null,
            "squash_merge_commit_message": "PR_BODY",
            "squash_merge_commit_title": "PR_TITLE",
            "template": null,
            "topics": [
              "github",
              "terraform",
              "infrastructure-as-code",
              "github-actions",
              "ci-cd",
              "devsecops",
              "automation"
            ],
            "visibility": "private",
            "vulnerability_alerts": true,
            "web_commit_signoff_required": true
          },
          "packer-template": {
            "allow_auto_merge": true,
            "allow_forking": null,
            "allow_merge_commit": false,
            "allow_rebase_merge": false,
            "allow_squash_merge": true,
            "allow_update_branch": true,
            "archive_on_destroy": true,
            "archived": false,
            "auto_init": true,
            "branches": [
              "main"
            ],
            "delete_branch_on_merge": true,
            "dependabot_security_updates": true,
            "description": "Opinionated Packer project template with CI/CD, validation, and image-building best practices.",
            "fork": false,
            "gitignore_template": null,
            "has_discussions": false,
            "has_issues": true,
            "has_projects": false,
            "has_wiki": false,
            "homepage_url": null,
            "ignore_vulnerability_alerts_during_read": false,
            "is_template": true,
            "license_template": "MIT",
            "merge_commit_message": null,
            "merge_commit_title": null,
            "name": "packer-template",
            "pages": null,
            "rules": [
              {
                "bypass_actors": [],
                "conditions": {
                  "exclude": [],
                  "include": [
                    "~DEFAULT_BRANCH"
                  ]
                },
                "enforcement": "active",
                "name": "Default Branch Protection",
                "rules": {
                  "branch_name_pattern": null,
                  "commit_author_email_pattern": null,
                  "commit_message_pattern": null,
                  "committer_email_pattern": null,
                  "copilot_code_review": null,
                  "creation": true,
                  "deletion": true,
                  "file_extension_restriction": null,
                  "file_path_restriction": null,
                  "max_file_path_length": null,
                  "max_file_size": null,
                  "merge_queue": null,
                  "non_fast_forward": true,
                  "pull_request": null,
                  "required_code_scanning": null,
                  "required_deployments": null,
                  "required_linear_history": true,
                  "required_signatures": true,
                  "required_status_checks": null,
                  "tag_name_pattern": null,
                  "update": false,
                  "update_allows_fetch_and_merge": null
                },
                "target": "branch"
              },
              {
                "bypass_actors": [
                  {
                    "actor_id": 5,
                    "actor_type": "RepositoryRole",
                    "bypass_mode": "pull_request"
                  }
                ],
                "conditions": {
                  "exclude": [],
                  "include": [
                    "~DEFAULT_BRANCH"
                  ]
                },
                "enforcement": "active",
                "name": "Pull Request Gate",
                "rules": {
                  "branch_name_pattern": null,
                  "commit_author_email_pattern": null,
                  "commit_message_pattern": null,
                  "committer_email_pattern": null,
                  "copilot_code_review": null,
                  "creation": null,
                  "deletion": null,
                  "file_extension_restriction": null,
                  "file_path_restriction": null,
                  "max_file_path_length": null,
                  "max_file_size": null,
                  "merge_queue": null,
                  "non_fast_forward": null,
                  "pull_request": {
                    "allowed_merge_methods": [
                      "squash"
                    ],
                    "dismiss_stale_reviews_on_push": true,
                    "require_code_owner_review": true,
                    "require_last_push_approval": true,
                    "required_approving_review_count": 1,
                    "required_review_thread_resolution": true
                  },
                  "required_code_scanning": null,
                  "required_deployments": null,
                  "required_linear_history": null,
                  "required_signatures": null,
                  "required_status_checks": null,
                  "tag_name_pattern": null,
                  "update": null,
                  "update_allows_fetch_and_merge": null
                },
                "target": "branch"
              }
            ],
            "security_and_analysis": {
              "advanced_security": null,
              "code_security": null,
              "secret_scanning": true,
              "secret_scanning_ai_detection": null,
              "secret_scanning_non_provider_patterns": null,
              "secret_scanning_push_protection": true
            },
            "source_owner": null,
            "source_repo": null,
            "squash_merge_commit_message": "PR_BODY",
            "squash_merge_commit_title": "PR_TITLE",
            "template": null,
            "topics": [
              "packer",
              "template",
              "project-template",
              "infrastructure-as-code",
              "ci-cd",
              "devsecops",
              "best-practices",
              "hashicorp",
              "image-building"
            ],
            "visibility": "public",
            "vulnerability_alerts": true,
            "web_commit_signoff_required": true
          },
          "powershell-template": {
            "allow_auto_merge": true,
            "allow_forking": null,
            "allow_merge_commit": false,
            "allow_rebase_merge": false,
            "allow_squash_merge": true,
            "allow_update_branch": true,
            "archive_on_destroy": true,
            "archived": false,
            "auto_init": true,
            "branches": [
              "main"
            ],
            "delete_branch_on_merge": true,
            "dependabot_security_updates": true,
            "description": "Opinionated PowerShell module/script template with CI/CD, Pester testing, and packaging best practices.",
            "fork": false,
            "gitignore_template": null,
            "has_discussions": false,
            "has_issues": true,
            "has_projects": false,
            "has_wiki": false,
            "homepage_url": null,
            "ignore_vulnerability_alerts_during_read": false,
            "is_template": true,
            "license_template": "MIT",
            "merge_commit_message": null,
            "merge_commit_title": null,
            "name": "powershell-template",
            "pages": null,
            "rules": [
              {
                "bypass_actors": [],
                "conditions": {
                  "exclude": [],
                  "include": [
                    "~DEFAULT_BRANCH"
                  ]
                },
                "enforcement": "active",
                "name": "Default Branch Protection",
                "rules": {
                  "branch_name_pattern": null,
                  "commit_author_email_pattern": null,
                  "commit_message_pattern": null,
                  "committer_email_pattern": null,
                  "copilot_code_review": null,
                  "creation": true,
                  "deletion": true,
                  "file_extension_restriction": null,
                  "file_path_restriction": null,
                  "max_file_path_length": null,
                  "max_file_size": null,
                  "merge_queue": null,
                  "non_fast_forward": true,
                  "pull_request": null,
                  "required_code_scanning": null,
                  "required_deployments": null,
                  "required_linear_history": true,
                  "required_signatures": true,
                  "required_status_checks": null,
                  "tag_name_pattern": null,
                  "update": false,
                  "update_allows_fetch_and_merge": null
                },
                "target": "branch"
              },
              {
                "bypass_actors": [
                  {
                    "actor_id": 5,
                    "actor_type": "RepositoryRole",
                    "bypass_mode": "pull_request"
                  }
                ],
                "conditions": {
                  "exclude": [],
                  "include": [
                    "~DEFAULT_BRANCH"
                  ]
                },
                "enforcement": "active",
                "name": "Pull Request Gate",
                "rules": {
                  "branch_name_pattern": null,
                  "commit_author_email_pattern": null,
                  "commit_message_pattern": null,
                  "committer_email_pattern": null,
                  "copilot_code_review": null,
                  "creation": null,
                  "deletion": null,
                  "file_extension_restriction": null,
                  "file_path_restriction": null,
                  "max_file_path_length": null,
                  "max_file_size": null,
                  "merge_queue": null,
                  "non_fast_forward": null,
                  "pull_request": {
                    "allowed_merge_methods": [
                      "squash"
                    ],
                    "dismiss_stale_reviews_on_push": true,
                    "require_code_owner_review": true,
                    "require_last_push_approval": true,
                    "required_approving_review_count": 1,
                    "required_review_thread_resolution": true
                  },
                  "required_code_scanning": null,
                  "required_deployments": null,
                  "required_linear_history": null,
                  "required_signatures": null,
                  "required_status_checks": null,
                  "tag_name_pattern": null,
                  "update": null,
                  "update_allows_fetch_and_merge": null
                },
                "target": "branch"
              }
            ],
            "security_and_analysis": {
              "advanced_security": null,
              "code_security": null,
              "secret_scanning": true,
              "secret_scanning_ai_detection": null,
              "secret_scanning_non_provider_patterns": null,
              "secret_scanning_push_protection": true
            },
            "source_owner": null,
            "source_repo": null,
            "squash_merge_commit_message": "PR_BODY",
            "squash_merge_commit_title": "PR_TITLE",
            "template": null,
            "topics": [
              "powershell",
              "template",
              "project-template",
              "ci-cd",
              "pester",
              "devsecops",
              "best-practices",
              "windows"
            ],
            "visibility": "public",
            "vulnerability_alerts": true,
            "web_commit_signoff_required": true
          },
          "python-template": {
            "allow_auto_merge": true,
            "allow_forking": null,
            "allow_merge_commit": false,
            "allow_rebase_merge": false,
            "allow_squash_merge": true,
            "allow_update_branch": true,
            "archive_on_destroy": true,
            "archived": false,
            "auto_init": true,
            "branches": [
              "main"
            ],
            "delete_branch_on_merge": true,
            "dependabot_security_updates": true,
            "description": "Opinionated Python project template with CI/CD, linting, testing, and packaging best practices.",
            "fork": false,
            "gitignore_template": null,
            "has_discussions": false,
            "has_issues": true,
            "has_projects": false,
            "has_wiki": false,
            "homepage_url": null,
            "ignore_vulnerability_alerts_during_read": false,
            "is_template": true,
            "license_template": "MIT",
            "merge_commit_message": null,
            "merge_commit_title": null,
            "name": "python-template",
            "pages": null,
            "rules": [
              {
                "bypass_actors": [],
                "conditions": {
                  "exclude": [],
                  "include": [
                    "~DEFAULT_BRANCH"
                  ]
                },
                "enforcement": "active",
                "name": "Default Branch Protection",
                "rules": {
                  "branch_name_pattern": null,
                  "commit_author_email_pattern": null,
                  "commit_message_pattern": null,
                  "committer_email_pattern": null,
                  "copilot_code_review": null,
                  "creation": true,
                  "deletion": true,
                  "file_extension_restriction": null,
                  "file_path_restriction": null,
                  "max_file_path_length": null,
                  "max_file_size": null,
                  "merge_queue": null,
                  "non_fast_forward": true,
                  "pull_request": null,
                  "required_code_scanning": null,
                  "required_deployments": null,
                  "required_linear_history": true,
                  "required_signatures": true,
                  "required_status_checks": null,
                  "tag_name_pattern": null,
                  "update": false,
                  "update_allows_fetch_and_merge": null
                },
                "target": "branch"
              },
              {
                "bypass_actors": [
                  {
                    "actor_id": 5,
                    "actor_type": "RepositoryRole",
                    "bypass_mode": "pull_request"
                  }
                ],
                "conditions": {
                  "exclude": [],
                  "include": [
                    "~DEFAULT_BRANCH"
                  ]
                },
                "enforcement": "active",
                "name": "Pull Request Gate",
                "rules": {
                  "branch_name_pattern": null,
                  "commit_author_email_pattern": null,
                  "commit_message_pattern": null,
                  "committer_email_pattern": null,
                  "copilot_code_review": null,
                  "creation": null,
                  "deletion": null,
                  "file_extension_restriction": null,
                  "file_path_restriction": null,
                  "max_file_path_length": null,
                  "max_file_size": null,
                  "merge_queue": null,
                  "non_fast_forward": null,
                  "pull_request": {
                    "allowed_merge_methods": [
                      "squash"
                    ],
                    "dismiss_stale_reviews_on_push": true,
                    "require_code_owner_review": true,
                    "require_last_push_approval": true,
                    "required_approving_review_count": 1,
                    "required_review_thread_resolution": true
                  },
                  "required_code_scanning": null,
                  "required_deployments": null,
                  "required_linear_history": null,
                  "required_signatures": null,
                  "required_status_checks": null,
                  "tag_name_pattern": null,
                  "update": null,
                  "update_allows_fetch_and_merge": null
                },
                "target": "branch"
              }
            ],
            "security_and_analysis": {
              "advanced_security": null,
              "code_security": null,
              "secret_scanning": true,
              "secret_scanning_ai_detection": null,
              "secret_scanning_non_provider_patterns": null,
              "secret_scanning_push_protection": true
            },
            "source_owner": null,
            "source_repo": null,
            "squash_merge_commit_message": "PR_BODY",
            "squash_merge_commit_title": "PR_TITLE",
            "template": null,
            "topics": [
              "python",
              "template",
              "project-template",
              "cookiecutter",
              "ci-cd",
              "devsecops",
              "best-practices"
            ],
            "visibility": "public",
            "vulnerability_alerts": true,
            "web_commit_signoff_required": true
          },
          "terraform-template": {
            "allow_auto_merge": true,
            "allow_forking": null,
            "allow_merge_commit": false,
            "allow_rebase_merge": false,
            "allow_squash_merge": true,
            "allow_update_branch": true,
            "archive_on_destroy": true,
            "archived": false,
            "auto_init": true,
            "branches": [
              "main"
            ],
            "delete_branch_on_merge": true,
            "dependabot_security_updates": true,
            "description": "Opinionated Terraform project template with CI/CD, validation, and infrastructure-as-code best practices.",
            "fork": false,
            "gitignore_template": null,
            "has_discussions": false,
            "has_issues": true,
            "has_projects": false,
            "has_wiki": false,
            "homepage_url": null,
            "ignore_vulnerability_alerts_during_read": false,
            "is_template": true,
            "license_template": "MIT",
            "merge_commit_message": null,
            "merge_commit_title": null,
            "name": "terraform-template",
            "pages": null,
            "rules": [
              {
                "bypass_actors": [],
                "conditions": {
                  "exclude": [],
                  "include": [
                    "~DEFAULT_BRANCH"
                  ]
                },
                "enforcement": "active",
                "name": "Default Branch Protection",
                "rules": {
                  "branch_name_pattern": null,
                  "commit_author_email_pattern": null,
                  "commit_message_pattern": null,
                  "committer_email_pattern": null,
                  "copilot_code_review": null,
                  "creation": true,
                  "deletion": true,
                  "file_extension_restriction": null,
                  "file_path_restriction": null,
                  "max_file_path_length": null,
                  "max_file_size": null,
                  "merge_queue": null,
                  "non_fast_forward": true,
                  "pull_request": null,
                  "required_code_scanning": null,
                  "required_deployments": null,
                  "required_linear_history": true,
                  "required_signatures": true,
                  "required_status_checks": null,
                  "tag_name_pattern": null,
                  "update": false,
                  "update_allows_fetch_and_merge": null
                },
                "target": "branch"
              },
              {
                "bypass_actors": [
                  {
                    "actor_id": 5,
                    "actor_type": "RepositoryRole",
                    "bypass_mode": "pull_request"
                  }
                ],
                "conditions": {
                  "exclude": [],
                  "include": [
                    "~DEFAULT_BRANCH"
                  ]
                },
                "enforcement": "active",
                "name": "Pull Request Gate",
                "rules": {
                  "branch_name_pattern": null,
                  "commit_author_email_pattern": null,
                  "commit_message_pattern": null,
                  "committer_email_pattern": null,
                  "copilot_code_review": null,
                  "creation": null,
                  "deletion": null,
                  "file_extension_restriction": null,
                  "file_path_restriction": null,
                  "max_file_path_length": null,
                  "max_file_size": null,
                  "merge_queue": null,
                  "non_fast_forward": null,
                  "pull_request": {
                    "allowed_merge_methods": [
                      "squash"
                    ],
                    "dismiss_stale_reviews_on_push": true,
                    "require_code_owner_review": true,
                    "require_last_push_approval": true,
                    "required_approving_review_count": 1,
                    "required_review_thread_resolution": true
                  },
                  "required_code_scanning": null,
                  "required_deployments": null,
                  "required_linear_history": null,
                  "required_signatures": null,
                  "required_status_checks": null,
                  "tag_name_pattern": null,
                  "update": null,
                  "update_allows_fetch_and_merge": null
                },
                "target": "branch"
              }
            ],
            "security_and_analysis": {
              "advanced_security": null,
              "code_security": null,
              "secret_scanning": true,
              "secret_scanning_ai_detection": null,
              "secret_scanning_non_provider_patterns": null,
              "secret_scanning_push_protection": true
            },
            "source_owner": null,
            "source_repo": null,
            "squash_merge_commit_message": "PR_BODY",
            "squash_merge_commit_title": "PR_TITLE",
            "template": null,
            "topics": [
              "terraform",
              "template",
              "project-template",
              "infrastructure-as-code",
              "ci-cd",
              "devsecops",
              "best-practices",
              "hashicorp"
            ],
            "visibility": "public",
            "vulnerability_alerts": true,
            "web_commit_signoff_required": true
          }
        },
        "branch_rulesets": {
          "NWarila-rules-0": {
            "bypass_actors": [],
            "enforcement": "active",
            "exclude": [],
            "include": [
              "~DEFAULT_BRANCH"
            ],
            "name": "Default Branch Protection",
            "repository": "NWarila",
            "rules": {
              "branch_name_pattern": null,
              "commit_author_email_pattern": null,
              "commit_message_pattern": null,
              "committer_email_pattern": null,
              "copilot_code_review": null,
              "creation": true,
              "deletion": true,
              "file_extension_restriction": null,
              "file_path_restriction": null,
              "max_file_path_length": null,
              "max_file_size": null,
              "merge_queue": null,
              "non_fast_forward": true,
              "pull_request": null,
              "required_code_scanning": null,
              "required_deployments": null,
              "required_linear_history": true,
              "required_signatures": true,
              "required_status_checks": null,
              "tag_name_pattern": null,
              "update": false,
              "update_allows_fetch_and_merge": null
            },
            "target": "branch"
          },
          "NWarila-rules-1": {
            "bypass_actors": [
              {
                "actor_id": 5,
                "actor_type": "RepositoryRole",
                "bypass_mode": "pull_request"
              }
            ],
            "enforcement": "active",
            "exclude": [],
            "include": [
              "~DEFAULT_BRANCH"
            ],
            "name": "Pull Request Gate",
            "repository": "NWarila",
            "rules": {
              "branch_name_pattern": null,
              "commit_author_email_pattern": null,
              "commit_message_pattern": null,
              "committer_email_pattern": null,
              "copilot_code_review": null,
              "creation": null,
              "deletion": null,
              "file_extension_restriction": null,
              "file_path_restriction": null,
              "max_file_path_length": null,
              "max_file_size": null,
              "merge_queue": null,
              "non_fast_forward": null,
              "pull_request": {
                "allowed_merge_methods": [
                  "squash"
                ],
                "dismiss_stale_reviews_on_push": true,
                "require_code_owner_review": true,
                "require_last_push_approval": true,
                "required_approving_review_count": 1,
                "required_review_thread_resolution": true
              },
              "required_code_scanning": null,
              "required_deployments": null,
              "required_linear_history": null,
              "required_signatures": null,
              "required_status_checks": null,
              "tag_name_pattern": null,
              "update": null,
              "update_allows_fetch_and_merge": null
            },
            "target": "branch"
          },
          "Resume-rules-0": {
            "bypass_actors": [],
            "enforcement": "active",
            "exclude": [],
            "include": [
              "~DEFAULT_BRANCH"
            ],
            "name": "Default Branch Protection",
            "repository": "Resume",
            "rules": {
              "branch_name_pattern": null,
              "commit_author_email_pattern": null,
              "commit_message_pattern": null,
              "committer_email_pattern": null,
              "copilot_code_review": null,
              "creation": true,
              "deletion": true,
              "file_extension_restriction": null,
              "file_path_restriction": null,
              "max_file_path_length": null,
              "max_file_size": null,
              "merge_queue": null,
              "non_fast_forward": true,
              "pull_request": null,
              "required_code_scanning": null,
              "required_deployments": null,
              "required_linear_history": true,
              "required_signatures": true,
              "required_status_checks": null,
              "tag_name_pattern": null,
              "update": false,
              "update_allows_fetch_and_merge": null
            },
            "target": "branch"
          },
          "Resume-rules-1": {
            "bypass_actors": [
              {
                "actor_id": 5,
                "actor_type": "RepositoryRole",
                "bypass_mode": "pull_request"
              }
            ],
            "enforcement": "active",
            "exclude": [],
            "include": [
              "~DEFAULT_BRANCH"
            ],
            "name": "Pull Request Gate",
            "repository": "Resume",
            "rules": {
              "branch_name_pattern": null,
              "commit_author_email_pattern": null,
              "commit_message_pattern": null,
              "committer_email_pattern": null,
              "copilot_code_review": null,
              "creation": null,
              "deletion": null,
              "file_extension_restriction": null,
              "file_path_restriction": null,
              "max_file_path_length": null,
              "max_file_size": null,
              "merge_queue": null,
              "non_fast_forward": null,
              "pull_request": {
                "allowed_merge_methods": [
                  "squash"
                ],
                "dismiss_stale_reviews_on_push": true,
                "require_code_owner_review": true,
                "require_last_push_approval": true,
                "required_approving_review_count": 1,
                "required_review_thread_resolution": true
              },
              "required_code_scanning": null,
              "required_deployments": null,
              "required_linear_history": null,
              "required_signatures": null,
              "required_status_checks": null,
              "tag_name_pattern": null,
              "update": null,
              "update_allows_fetch_and_merge": null
            },
            "target": "branch"
          },
          "github-terraform-runner-rules-0": {
            "bypass_actors": [],
            "enforcement": "active",
            "exclude": [],
            "include": [
              "~DEFAULT_BRANCH"
            ],
            "name": "Default Branch Protection",
            "repository": "github-terraform-runner",
            "rules": {
              "branch_name_pattern": null,
              "commit_author_email_pattern": null,
              "commit_message_pattern": null,
              "committer_email_pattern": null,
              "copilot_code_review": null,
              "creation": true,
              "deletion": true,
              "file_extension_restriction": null,
              "file_path_restriction": null,
              "max_file_path_length": null,
              "max_file_size": null,
              "merge_queue": null,
              "non_fast_forward": true,
              "pull_request": null,
              "required_code_scanning": null,
              "required_deployments": null,
              "required_linear_history": true,
              "required_signatures": true,
              "required_status_checks": null,
              "tag_name_pattern": null,
              "update": false,
              "update_allows_fetch_and_merge": null
            },
            "target": "branch"
          },
          "github-terraform-runner-rules-1": {
            "bypass_actors": [
              {
                "actor_id": 5,
                "actor_type": "RepositoryRole",
                "bypass_mode": "pull_request"
              }
            ],
            "enforcement": "active",
            "exclude": [],
            "include": [
              "~DEFAULT_BRANCH"
            ],
            "name": "Pull Request Gate",
            "repository": "github-terraform-runner",
            "rules": {
              "branch_name_pattern": null,
              "commit_author_email_pattern": null,
              "commit_message_pattern": null,
              "committer_email_pattern": null,
              "copilot_code_review": null,
              "creation": null,
              "deletion": null,
              "file_extension_restriction": null,
              "file_path_restriction": null,
              "max_file_path_length": null,
              "max_file_size": null,
              "merge_queue": null,
              "non_fast_forward": null,
              "pull_request": {
                "allowed_merge_methods": [
                  "squash"
                ],
                "dismiss_stale_reviews_on_push": true,
                "require_code_owner_review": true,
                "require_last_push_approval": true,
                "required_approving_review_count": 1,
                "required_review_thread_resolution": true
              },
              "required_code_scanning": null,
              "required_deployments": null,
              "required_linear_history": null,
              "required_signatures": null,
              "required_status_checks": null,
              "tag_name_pattern": null,
              "update": null,
              "update_allows_fetch_and_merge": null
            },
            "target": "branch"
          },
          "packer-template-rules-0": {
            "bypass_actors": [],
            "enforcement": "active",
            "exclude": [],
            "include": [
              "~DEFAULT_BRANCH"
            ],
            "name": "Default Branch Protection",
            "repository": "packer-template",
            "rules": {
              "branch_name_pattern": null,
              "commit_author_email_pattern": null,
              "commit_message_pattern": null,
              "committer_email_pattern": null,
              "copilot_code_review": null,
              "creation": true,
              "deletion": true,
              "file_extension_restriction": null,
              "file_path_restriction": null,
              "max_file_path_length": null,
              "max_file_size": null,
              "merge_queue": null,
              "non_fast_forward": true,
              "pull_request": null,
              "required_code_scanning": null,
              "required_deployments": null,
              "required_linear_history": true,
              "required_signatures": true,
              "required_status_checks": null,
              "tag_name_pattern": null,
              "update": false,
              "update_allows_fetch_and_merge": null
            },
            "target": "branch"
          },
          "packer-template-rules-1": {
            "bypass_actors": [
              {
                "actor_id": 5,
                "actor_type": "RepositoryRole",
                "bypass_mode": "pull_request"
              }
            ],
            "enforcement": "active",
            "exclude": [],
            "include": [
              "~DEFAULT_BRANCH"
            ],
            "name": "Pull Request Gate",
            "repository": "packer-template",
            "rules": {
              "branch_name_pattern": null,
              "commit_author_email_pattern": null,
              "commit_message_pattern": null,
              "committer_email_pattern": null,
              "copilot_code_review": null,
              "creation": null,
              "deletion": null,
              "file_extension_restriction": null,
              "file_path_restriction": null,
              "max_file_path_length": null,
              "max_file_size": null,
              "merge_queue": null,
              "non_fast_forward": null,
              "pull_request": {
                "allowed_merge_methods": [
                  "squash"
                ],
                "dismiss_stale_reviews_on_push": true,
                "require_code_owner_review": true,
                "require_last_push_approval": true,
                "required_approving_review_count": 1,
                "required_review_thread_resolution": true
              },
              "required_code_scanning": null,
              "required_deployments": null,
              "required_linear_history": null,
              "required_signatures": null,
              "required_status_checks": null,
              "tag_name_pattern": null,
              "update": null,
              "update_allows_fetch_and_merge": null
            },
            "target": "branch"
          },
          "powershell-template-rules-0": {
            "bypass_actors": [],
            "enforcement": "active",
            "exclude": [],
            "include": [
              "~DEFAULT_BRANCH"
            ],
            "name": "Default Branch Protection",
            "repository": "powershell-template",
            "rules": {
              "branch_name_pattern": null,
              "commit_author_email_pattern": null,
              "commit_message_pattern": null,
              "committer_email_pattern": null,
              "copilot_code_review": null,
              "creation": true,
              "deletion": true,
              "file_extension_restriction": null,
              "file_path_restriction": null,
              "max_file_path_length": null,
              "max_file_size": null,
              "merge_queue": null,
              "non_fast_forward": true,
              "pull_request": null,
              "required_code_scanning": null,
              "required_deployments": null,
              "required_linear_history": true,
              "required_signatures": true,
              "required_status_checks": null,
              "tag_name_pattern": null,
              "update": false,
              "update_allows_fetch_and_merge": null
            },
            "target": "branch"
          },
          "powershell-template-rules-1": {
            "bypass_actors": [
              {
                "actor_id": 5,
                "actor_type": "RepositoryRole",
                "bypass_mode": "pull_request"
              }
            ],
            "enforcement": "active",
            "exclude": [],
            "include": [
              "~DEFAULT_BRANCH"
            ],
            "name": "Pull Request Gate",
            "repository": "powershell-template",
            "rules": {
              "branch_name_pattern": null,
              "commit_author_email_pattern": null,
              "commit_message_pattern": null,
              "committer_email_pattern": null,
              "copilot_code_review": null,
              "creation": null,
              "deletion": null,
              "file_extension_restriction": null,
              "file_path_restriction": null,
              "max_file_path_length": null,
              "max_file_size": null,
              "merge_queue": null,
              "non_fast_forward": null,
              "pull_request": {
                "allowed_merge_methods": [
                  "squash"
                ],
                "dismiss_stale_reviews_on_push": true,
                "require_code_owner_review": true,
                "require_last_push_approval": true,
                "required_approving_review_count": 1,
                "required_review_thread_resolution": true
              },
              "required_code_scanning": null,
              "required_deployments": null,
              "required_linear_history": null,
              "required_signatures": null,
              "required_status_checks": null,
              "tag_name_pattern": null,
              "update": null,
              "update_allows_fetch_and_merge": null
            },
            "target": "branch"
          },
          "python-template-rules-0": {
            "bypass_actors": [],
            "enforcement": "active",
            "exclude": [],
            "include": [
              "~DEFAULT_BRANCH"
            ],
            "name": "Default Branch Protection",
            "repository": "python-template",
            "rules": {
              "branch_name_pattern": null,
              "commit_author_email_pattern": null,
              "commit_message_pattern": null,
              "committer_email_pattern": null,
              "copilot_code_review": null,
              "creation": true,
              "deletion": true,
              "file_extension_restriction": null,
              "file_path_restriction": null,
              "max_file_path_length": null,
              "max_file_size": null,
              "merge_queue": null,
              "non_fast_forward": true,
              "pull_request": null,
              "required_code_scanning": null,
              "required_deployments": null,
              "required_linear_history": true,
              "required_signatures": true,
              "required_status_checks": null,
              "tag_name_pattern": null,
              "update": false,
              "update_allows_fetch_and_merge": null
            },
            "target": "branch"
          },
          "python-template-rules-1": {
            "bypass_actors": [
              {
                "actor_id": 5,
                "actor_type": "RepositoryRole",
                "bypass_mode": "pull_request"
              }
            ],
            "enforcement": "active",
            "exclude": [],
            "include": [
              "~DEFAULT_BRANCH"
            ],
            "name": "Pull Request Gate",
            "repository": "python-template",
            "rules": {
              "branch_name_pattern": null,
              "commit_author_email_pattern": null,
              "commit_message_pattern": null,
              "committer_email_pattern": null,
              "copilot_code_review": null,
              "creation": null,
              "deletion": null,
              "file_extension_restriction": null,
              "file_path_restriction": null,
              "max_file_path_length": null,
              "max_file_size": null,
              "merge_queue": null,
              "non_fast_forward": null,
              "pull_request": {
                "allowed_merge_methods": [
                  "squash"
                ],
                "dismiss_stale_reviews_on_push": true,
                "require_code_owner_review": true,
                "require_last_push_approval": true,
                "required_approving_review_count": 1,
                "required_review_thread_resolution": true
              },
              "required_code_scanning": null,
              "required_deployments": null,
              "required_linear_history": null,
              "required_signatures": null,
              "required_status_checks": null,
              "tag_name_pattern": null,
              "update": null,
              "update_allows_fetch_and_merge": null
            },
            "target": "branch"
          },
          "terraform-template-rules-0": {
            "bypass_actors": [],
            "enforcement": "active",
            "exclude": [],
            "include": [
              "~DEFAULT_BRANCH"
            ],
            "name": "Default Branch Protection",
            "repository": "terraform-template",
            "rules": {
              "branch_name_pattern": null,
              "commit_author_email_pattern": null,
              "commit_message_pattern": null,
              "committer_email_pattern": null,
              "copilot_code_review": null,
              "creation": true,
              "deletion": true,
              "file_extension_restriction": null,
              "file_path_restriction": null,
              "max_file_path_length": null,
              "max_file_size": null,
              "merge_queue": null,
              "non_fast_forward": true,
              "pull_request": null,
              "required_code_scanning": null,
              "required_deployments": null,
              "required_linear_history": true,
              "required_signatures": true,
              "required_status_checks": null,
              "tag_name_pattern": null,
              "update": false,
              "update_allows_fetch_and_merge": null
            },
            "target": "branch"
          },
          "terraform-template-rules-1": {
            "bypass_actors": [
              {
                "actor_id": 5,
                "actor_type": "RepositoryRole",
                "bypass_mode": "pull_request"
              }
            ],
            "enforcement": "active",
            "exclude": [],
            "include": [
              "~DEFAULT_BRANCH"
            ],
            "name": "Pull Request Gate",
            "repository": "terraform-template",
            "rules": {
              "branch_name_pattern": null,
              "commit_author_email_pattern": null,
              "commit_message_pattern": null,
              "committer_email_pattern": null,
              "copilot_code_review": null,
              "creation": null,
              "deletion": null,
              "file_extension_restriction": null,
              "file_path_restriction": null,
              "max_file_path_length": null,
              "max_file_size": null,
              "merge_queue": null,
              "non_fast_forward": null,
              "pull_request": {
                "allowed_merge_methods": [
                  "squash"
                ],
                "dismiss_stale_reviews_on_push": true,
                "require_code_owner_review": true,
                "require_last_push_approval": true,
                "required_approving_review_count": 1,
                "required_review_thread_resolution": true
              },
              "required_code_scanning": null,
              "required_deployments": null,
              "required_linear_history": null,
              "required_signatures": null,
              "required_status_checks": null,
              "tag_name_pattern": null,
              "update": null,
              "update_allows_fetch_and_merge": null
            },
            "target": "branch"
          }
        }
      },
      "type": [
        "object",
        {
          "all_repositories": [
            "object",
            {
              "NWarila": [
                "object",
                {
                  "allow_auto_merge": "bool",
                  "allow_forking": "dynamic",
                  "allow_merge_commit": "bool",
                  "allow_rebase_merge": "bool",
                  "allow_squash_merge": "bool",
                  "allow_update_branch": "bool",
                  "archive_on_destroy": "bool",
                  "archived": "bool",
                  "auto_init": "bool",
                  "branches": [
                    "list",
                    "string"
                  ],
                  "delete_branch_on_merge": "bool",
                  "dependabot_security_updates": "bool",
                  "description": "string",
                  "fork": "bool",
                  "gitignore_template": "dynamic",
                  "has_discussions": "bool",
                  "has_issues": "bool",
                  "has_projects": "bool",
                  "has_wiki": "bool",
                  "homepage_url": "dynamic",
                  "ignore_vulnerability_alerts_during_read": "bool",
                  "is_template": "bool",
                  "license_template": "string",
                  "merge_commit_message": "dynamic",
                  "merge_commit_title": "dynamic",
                  "name": "string",
                  "pages": [
                    "object",
                    {
                      "build_type": "dynamic",
                      "cname": "dynamic",
                      "source": [
                        "object",
                        {
                          "branch": "dynamic",
                          "path": "dynamic"
                        }
                      ]
                    }
                  ],
                  "rules": [
                    "list",
                    [
                      "object",
                      {
                        "bypass_actors": [
                          "list",
                          [
                            "object",
                            {
                              "actor_id": "number",
                              "actor_type": "string",
                              "bypass_mode": "string"
                            }
                          ]
                        ],
                        "conditions": [
                          "object",
                          {
                            "exclude": [
                              "list",
                              "string"
                            ],
                            "include": [
                              "list",
                              "string"
                            ]
                          }
                        ],
                        "enforcement": "string",
                        "name": "string",
                        "rules": [
                          "object",
                          {
                            "branch_name_pattern": [
                              "object",
                              {
                                "name": "string",
                                "negate": "bool",
                                "operator": "string",
                                "pattern": "string"
                              }
                            ],
                            "commit_author_email_pattern": [
                              "object",
                              {
                                "name": "string",
                                "negate": "bool",
                                "operator": "string",
                                "pattern": "string"
                              }
                            ],
                            "commit_message_pattern": [
                              "object",
                              {
                                "name": "string",
                                "negate": "bool",
                                "operator": "string",
                                "pattern": "string"
                              }
                            ],
                            "committer_email_pattern": [
                              "object",
                              {
                                "name": "string",
                                "negate": "bool",
                                "operator": "string",
                                "pattern": "string"
                              }
                            ],
                            "copilot_code_review": [
                              "object",
                              {
                                "review_draft_pull_requests": "bool",
                                "review_on_push": "bool"
                              }
                            ],
                            "creation": "bool",
                            "deletion": "bool",
                            "file_extension_restriction": [
                              "object",
                              {
                                "restricted_file_extensions": [
                                  "list",
                                  "string"
                                ]
                              }
                            ],
                            "file_path_restriction": [
                              "object",
                              {
                                "restricted_file_paths": [
                                  "list",
                                  "string"
                                ]
                              }
                            ],
                            "max_file_path_length": [
                              "object",
                              {
                                "max_file_path_length": "number"
                              }
                            ],
                            "max_file_size": [
                              "object",
                              {
                                "max_file_size": "number"
                              }
                            ],
                            "merge_queue": [
                              "object",
                              {
                                "check_response_timeout_minutes": "number",
                                "grouping_strategy": "string",
                                "max_entries_to_build": "number",
                                "max_entries_to_merge": "number",
                                "merge_method": "string",
                                "min_entries_to_merge": "number",
                                "min_entries_to_merge_wait_minutes": "number"
                              }
                            ],
                            "non_fast_forward": "bool",
                            "pull_request": [
                              "object",
                              {
                                "allowed_merge_methods": [
                                  "list",
                                  "string"
                                ],
                                "dismiss_stale_reviews_on_push": "bool",
                                "require_code_owner_review": "bool",
                                "require_last_push_approval": "bool",
                                "required_approving_review_count": "number",
                                "required_review_thread_resolution": "bool"
                              }
                            ],
                            "required_code_scanning": [
                              "object",
                              {
                                "required_code_scanning_tool": [
                                  "list",
                                  [
                                    "object",
                                    {
                                      "alerts_threshold": "string",
                                      "security_alerts_threshold": "string",
                                      "tool": "string"
                                    }
                                  ]
                                ]
                              }
                            ],
                            "required_deployments": [
                              "object",
                              {
                                "required_deployment_environments": [
                                  "list",
                                  "string"
                                ]
                              }
                            ],
                            "required_linear_history": "bool",
                            "required_signatures": "bool",
                            "required_status_checks": [
                              "object",
                              {
                                "do_not_enforce_on_create": "bool",
                                "required_check": [
                                  "list",
                                  [
                                    "object",
                                    {
                                      "context": "string",
                                      "integration_id": "number"
                                    }
                                  ]
                                ],
                                "strict_required_status_checks_policy": "bool"
                              }
                            ],
                            "tag_name_pattern": [
                              "object",
                              {
                                "name": "string",
                                "negate": "bool",
                                "operator": "string",
                                "pattern": "string"
                              }
                            ],
                            "update": "bool",
                            "update_allows_fetch_and_merge": "bool"
                          }
                        ],
                        "target": "string"
                      }
                    ]
                  ],
                  "security_and_analysis": [
                    "object",
                    {
                      "advanced_security": "dynamic",
                      "code_security": "dynamic",
                      "secret_scanning": "bool",
                      "secret_scanning_ai_detection": "dynamic",
                      "secret_scanning_non_provider_patterns": "dynamic",
                      "secret_scanning_push_protection": "bool"
                    }
                  ],
                  "source_owner": "dynamic",
                  "source_repo": "dynamic",
                  "squash_merge_commit_message": "string",
                  "squash_merge_commit_title": "string",
                  "template": [
                    "object",
                    {
                      "include_all_branches": "bool",
                      "owner": "dynamic",
                      "repository": "dynamic"
                    }
                  ],
                  "topics": [
                    "tuple",
                    []
                  ],
                  "visibility": "string",
                  "vulnerability_alerts": "bool",
                  "web_commit_signoff_required": "bool"
                }
              ],
              "Resume": [
                "object",
                {
                  "allow_auto_merge": "bool",
                  "allow_forking": "dynamic",
                  "allow_merge_commit": "bool",
                  "allow_rebase_merge": "bool",
                  "allow_squash_merge": "bool",
                  "allow_update_branch": "bool",
                  "archive_on_destroy": "bool",
                  "archived": "bool",
                  "auto_init": "bool",
                  "branches": [
                    "list",
                    "string"
                  ],
                  "delete_branch_on_merge": "bool",
                  "dependabot_security_updates": "bool",
                  "description": "string",
                  "fork": "bool",
                  "gitignore_template": "dynamic",
                  "has_discussions": "bool",
                  "has_issues": "bool",
                  "has_projects": "bool",
                  "has_wiki": "bool",
                  "homepage_url": "dynamic",
                  "ignore_vulnerability_alerts_during_read": "bool",
                  "is_template": "bool",
                  "license_template": "string",
                  "merge_commit_message": "dynamic",
                  "merge_commit_title": "dynamic",
                  "name": "string",
                  "pages": [
                    "object",
                    {
                      "build_type": "dynamic",
                      "cname": "dynamic",
                      "source": [
                        "object",
                        {
                          "branch": "dynamic",
                          "path": "dynamic"
                        }
                      ]
                    }
                  ],
                  "rules": [
                    "list",
                    [
                      "object",
                      {
                        "bypass_actors": [
                          "list",
                          [
                            "object",
                            {
                              "actor_id": "number",
                              "actor_type": "string",
                              "bypass_mode": "string"
                            }
                          ]
                        ],
                        "conditions": [
                          "object",
                          {
                            "exclude": [
                              "list",
                              "string"
                            ],
                            "include": [
                              "list",
                              "string"
                            ]
                          }
                        ],
                        "enforcement": "string",
                        "name": "string",
                        "rules": [
                          "object",
                          {
                            "branch_name_pattern": [
                              "object",
                              {
                                "name": "string",
                                "negate": "bool",
                                "operator": "string",
                                "pattern": "string"
                              }
                            ],
                            "commit_author_email_pattern": [
                              "object",
                              {
                                "name": "string",
                                "negate": "bool",
                                "operator": "string",
                                "pattern": "string"
                              }
                            ],
                            "commit_message_pattern": [
                              "object",
                              {
                                "name": "string",
                                "negate": "bool",
                                "operator": "string",
                                "pattern": "string"
                              }
                            ],
                            "committer_email_pattern": [
                              "object",
                              {
                                "name": "string",
                                "negate": "bool",
                                "operator": "string",
                                "pattern": "string"
                              }
                            ],
                            "copilot_code_review": [
                              "object",
                              {
                                "review_draft_pull_requests": "bool",
                                "review_on_push": "bool"
                              }
                            ],
                            "creation": "bool",
                            "deletion": "bool",
                            "file_extension_restriction": [
                              "object",
                              {
                                "restricted_file_extensions": [
                                  "list",
                                  "string"
                                ]
                              }
                            ],
                            "file_path_restriction": [
                              "object",
                              {
                                "restricted_file_paths": [
                                  "list",
                                  "string"
                                ]
                              }
                            ],
                            "max_file_path_length": [
                              "object",
                              {
                                "max_file_path_length": "number"
                              }
                            ],
                            "max_file_size": [
                              "object",
                              {
                                "max_file_size": "number"
                              }
                            ],
                            "merge_queue": [
                              "object",
                              {
                                "check_response_timeout_minutes": "number",
                                "grouping_strategy": "string",
                                "max_entries_to_build": "number",
                                "max_entries_to_merge": "number",
                                "merge_method": "string",
                                "min_entries_to_merge": "number",
                                "min_entries_to_merge_wait_minutes": "number"
                              }
                            ],
                            "non_fast_forward": "bool",
                            "pull_request": [
                              "object",
                              {
                                "allowed_merge_methods": [
                                  "list",
                                  "string"
                                ],
                                "dismiss_stale_reviews_on_push": "bool",
                                "require_code_owner_review": "bool",
                                "require_last_push_approval": "bool",
                                "required_approving_review_count": "number",
                                "required_review_thread_resolution": "bool"
                              }
                            ],
                            "required_code_scanning": [
                              "object",
                              {
                                "required_code_scanning_tool": [
                                  "list",
                                  [
                                    "object",
                                    {
                                      "alerts_threshold": "string",
                                      "security_alerts_threshold": "string",
                                      "tool": "string"
                                    }
                                  ]
                                ]
                              }
                            ],
                            "required_deployments": [
                              "object",
                              {
                                "required_deployment_environments": [
                                  "list",
                                  "string"
                                ]
                              }
                            ],
                            "required_linear_history": "bool",
                            "required_signatures": "bool",
                            "required_status_checks": [
                              "object",
                              {
                                "do_not_enforce_on_create": "bool",
                                "required_check": [
                                  "list",
                                  [
                                    "object",
                                    {
                                      "context": "string",
                                      "integration_id": "number"
                                    }
                                  ]
                                ],
                                "strict_required_status_checks_policy": "bool"
                              }
                            ],
                            "tag_name_pattern": [
                              "object",
                              {
                                "name": "string",
                                "negate": "bool",
                                "operator": "string",
                                "pattern": "string"
                              }
                            ],
                            "update": "bool",
                            "update_allows_fetch_and_merge": "bool"
                          }
                        ],
                        "target": "string"
                      }
                    ]
                  ],
                  "security_and_analysis": [
                    "object",
                    {
                      "advanced_security": "dynamic",
                      "code_security": "dynamic",
                      "secret_scanning": "dynamic",
                      "secret_scanning_ai_detection": "dynamic",
                      "secret_scanning_non_provider_patterns": "dynamic",
                      "secret_scanning_push_protection": "dynamic"
                    }
                  ],
                  "source_owner": "dynamic",
                  "source_repo": "dynamic",
                  "squash_merge_commit_message": "string",
                  "squash_merge_commit_title": "string",
                  "template": [
                    "object",
                    {
                      "include_all_branches": "bool",
                      "owner": "dynamic",
                      "repository": "dynamic"
                    }
                  ],
                  "topics": [
                    "tuple",
                    []
                  ],
                  "visibility": "string",
                  "vulnerability_alerts": "bool",
                  "web_commit_signoff_required": "bool"
                }
              ],
              "github-terraform-runner": [
                "object",
                {
                  "allow_auto_merge": "bool",
                  "allow_forking": "dynamic",
                  "allow_merge_commit": "bool",
                  "allow_rebase_merge": "bool",
                  "allow_squash_merge": "bool",
                  "allow_update_branch": "bool",
                  "archive_on_destroy": "bool",
                  "archived": "bool",
                  "auto_init": "bool",
                  "branches": [
                    "list",
                    "string"
                  ],
                  "delete_branch_on_merge": "bool",
                  "dependabot_security_updates": "bool",
                  "description": "string",
                  "fork": "bool",
                  "gitignore_template": "dynamic",
                  "has_discussions": "bool",
                  "has_issues": "bool",
                  "has_projects": "bool",
                  "has_wiki": "bool",
                  "homepage_url": "dynamic",
                  "ignore_vulnerability_alerts_during_read": "bool",
                  "is_template": "bool",
                  "license_template": "string",
                  "merge_commit_message": "dynamic",
                  "merge_commit_title": "dynamic",
                  "name": "string",
                  "pages": [
                    "object",
                    {
                      "build_type": "dynamic",
                      "cname": "dynamic",
                      "source": [
                        "object",
                        {
                          "branch": "dynamic",
                          "path": "dynamic"
                        }
                      ]
                    }
                  ],
                  "rules": [
                    "list",
                    [
                      "object",
                      {
                        "bypass_actors": [
                          "list",
                          [
                            "object",
                            {
                              "actor_id": "number",
                              "actor_type": "string",
                              "bypass_mode": "string"
                            }
                          ]
                        ],
                        "conditions": [
                          "object",
                          {
                            "exclude": [
                              "list",
                              "string"
                            ],
                            "include": [
                              "list",
                              "string"
                            ]
                          }
                        ],
                        "enforcement": "string",
                        "name": "string",
                        "rules": [
                          "object",
                          {
                            "branch_name_pattern": [
                              "object",
                              {
                                "name": "string",
                                "negate": "bool",
                                "operator": "string",
                                "pattern": "string"
                              }
                            ],
                            "commit_author_email_pattern": [
                              "object",
                              {
                                "name": "string",
                                "negate": "bool",
                                "operator": "string",
                                "pattern": "string"
                              }
                            ],
                            "commit_message_pattern": [
                              "object",
                              {
                                "name": "string",
                                "negate": "bool",
                                "operator": "string",
                                "pattern": "string"
                              }
                            ],
                            "committer_email_pattern": [
                              "object",
                              {
                                "name": "string",
                                "negate": "bool",
                                "operator": "string",
                                "pattern": "string"
                              }
                            ],
                            "copilot_code_review": [
                              "object",
                              {
                                "review_draft_pull_requests": "bool",
                                "review_on_push": "bool"
                              }
                            ],
                            "creation": "bool",
                            "deletion": "bool",
                            "file_extension_restriction": [
                              "object",
                              {
                                "restricted_file_extensions": [
                                  "list",
                                  "string"
                                ]
                              }
                            ],
                            "file_path_restriction": [
                              "object",
                              {
                                "restricted_file_paths": [
                                  "list",
                                  "string"
                                ]
                              }
                            ],
                            "max_file_path_length": [
                              "object",
                              {
                                "max_file_path_length": "number"
                              }
                            ],
                            "max_file_size": [
                              "object",
                              {
                                "max_file_size": "number"
                              }
                            ],
                            "merge_queue": [
                              "object",
                              {
                                "check_response_timeout_minutes": "number",
                                "grouping_strategy": "string",
                                "max_entries_to_build": "number",
                                "max_entries_to_merge": "number",
                                "merge_method": "string",
                                "min_entries_to_merge": "number",
                                "min_entries_to_merge_wait_minutes": "number"
                              }
                            ],
                            "non_fast_forward": "bool",
                            "pull_request": [
                              "object",
                              {
                                "allowed_merge_methods": [
                                  "list",
                                  "string"
                                ],
                                "dismiss_stale_reviews_on_push": "bool",
                                "require_code_owner_review": "bool",
                                "require_last_push_approval": "bool",
                                "required_approving_review_count": "number",
                                "required_review_thread_resolution": "bool"
                              }
                            ],
                            "required_code_scanning": [
                              "object",
                              {
                                "required_code_scanning_tool": [
                                  "list",
                                  [
                                    "object",
                                    {
                                      "alerts_threshold": "string",
                                      "security_alerts_threshold": "string",
                                      "tool": "string"
                                    }
                                  ]
                                ]
                              }
                            ],
                            "required_deployments": [
                              "object",
                              {
                                "required_deployment_environments": [
                                  "list",
                                  "string"
                                ]
                              }
                            ],
                            "required_linear_history": "bool",
                            "required_signatures": "bool",
                            "required_status_checks": [
                              "object",
                              {
                                "do_not_enforce_on_create": "bool",
                                "required_check": [
                                  "list",
                                  [
                                    "object",
                                    {
                                      "context": "string",
                                      "integration_id": "number"
                                    }
                                  ]
                                ],
                                "strict_required_status_checks_policy": "bool"
                              }
                            ],
                            "tag_name_pattern": [
                              "object",
                              {
                                "name": "string",
                                "negate": "bool",
                                "operator": "string",
                                "pattern": "string"
                              }
                            ],
                            "update": "bool",
                            "update_allows_fetch_and_merge": "bool"
                          }
                        ],
                        "target": "string"
                      }
                    ]
                  ],
                  "security_and_analysis": [
                    "object",
                    {
                      "advanced_security": "dynamic",
                      "code_security": "dynamic",
                      "secret_scanning": "dynamic",
                      "secret_scanning_ai_detection": "dynamic",
                      "secret_scanning_non_provider_patterns": "dynamic",
                      "secret_scanning_push_protection": "dynamic"
                    }
                  ],
                  "source_owner": "dynamic",
                  "source_repo": "dynamic",
                  "squash_merge_commit_message": "string",
                  "squash_merge_commit_title": "string",
                  "template": [
                    "object",
                    {
                      "include_all_branches": "bool",
                      "owner": "dynamic",
                      "repository": "dynamic"
                    }
                  ],
                  "topics": [
                    "tuple",
                    [
                      "string",
                      "string",
                      "string",
                      "string",
                      "string",
                      "string",
                      "string"
                    ]
                  ],
                  "visibility": "string",
                  "vulnerability_alerts": "bool",
                  "web_commit_signoff_required": "bool"
                }
              ],
              "packer-template": [
                "object",
                {
                  "allow_auto_merge": "bool",
                  "allow_forking": "dynamic",
                  "allow_merge_commit": "bool",
                  "allow_rebase_merge": "bool",
                  "allow_squash_merge": "bool",
                  "allow_update_branch": "bool",
                  "archive_on_destroy": "bool",
                  "archived": "bool",
                  "auto_init": "bool",
                  "branches": [
                    "list",
                    "string"
                  ],
                  "delete_branch_on_merge": "bool",
                  "dependabot_security_updates": "bool",
                  "description": "string",
                  "fork": "bool",
                  "gitignore_template": "dynamic",
                  "has_discussions": "bool",
                  "has_issues": "bool",
                  "has_projects": "bool",
                  "has_wiki": "bool",
                  "homepage_url": "dynamic",
                  "ignore_vulnerability_alerts_during_read": "bool",
                  "is_template": "bool",
                  "license_template": "string",
                  "merge_commit_message": "dynamic",
                  "merge_commit_title": "dynamic",
                  "name": "string",
                  "pages": [
                    "object",
                    {
                      "build_type": "dynamic",
                      "cname": "dynamic",
                      "source": [
                        "object",
                        {
                          "branch": "dynamic",
                          "path": "dynamic"
                        }
                      ]
                    }
                  ],
                  "rules": [
                    "list",
                    [
                      "object",
                      {
                        "bypass_actors": [
                          "list",
                          [
                            "object",
                            {
                              "actor_id": "number",
                              "actor_type": "string",
                              "bypass_mode": "string"
                            }
                          ]
                        ],
                        "conditions": [
                          "object",
                          {
                            "exclude": [
                              "list",
                              "string"
                            ],
                            "include": [
                              "list",
                              "string"
                            ]
                          }
                        ],
                        "enforcement": "string",
                        "name": "string",
                        "rules": [
                          "object",
                          {
                            "branch_name_pattern": [
                              "object",
                              {
                                "name": "string",
                                "negate": "bool",
                                "operator": "string",
                                "pattern": "string"
                              }
                            ],
                            "commit_author_email_pattern": [
                              "object",
                              {
                                "name": "string",
                                "negate": "bool",
                                "operator": "string",
                                "pattern": "string"
                              }
                            ],
                            "commit_message_pattern": [
                              "object",
                              {
                                "name": "string",
                                "negate": "bool",
                                "operator": "string",
                                "pattern": "string"
                              }
                            ],
                            "committer_email_pattern": [
                              "object",
                              {
                                "name": "string",
                                "negate": "bool",
                                "operator": "string",
                                "pattern": "string"
                              }
                            ],
                            "copilot_code_review": [
                              "object",
                              {
                                "review_draft_pull_requests": "bool",
                                "review_on_push": "bool"
                              }
                            ],
                            "creation": "bool",
                            "deletion": "bool",
                            "file_extension_restriction": [
                              "object",
                              {
                                "restricted_file_extensions": [
                                  "list",
                                  "string"
                                ]
                              }
                            ],
                            "file_path_restriction": [
                              "object",
                              {
                                "restricted_file_paths": [
                                  "list",
                                  "string"
                                ]
                              }
                            ],
                            "max_file_path_length": [
                              "object",
                              {
                                "max_file_path_length": "number"
                              }
                            ],
                            "max_file_size": [
                              "object",
                              {
                                "max_file_size": "number"
                              }
                            ],
                            "merge_queue": [
                              "object",
                              {
                                "check_response_timeout_minutes": "number",
                                "grouping_strategy": "string",
                                "max_entries_to_build": "number",
                                "max_entries_to_merge": "number",
                                "merge_method": "string",
                                "min_entries_to_merge": "number",
                                "min_entries_to_merge_wait_minutes": "number"
                              }
                            ],
                            "non_fast_forward": "bool",
                            "pull_request": [
                              "object",
                              {
                                "allowed_merge_methods": [
                                  "list",
                                  "string"
                                ],
                                "dismiss_stale_reviews_on_push": "bool",
                                "require_code_owner_review": "bool",
                                "require_last_push_approval": "bool",
                                "required_approving_review_count": "number",
                                "required_review_thread_resolution": "bool"
                              }
                            ],
                            "required_code_scanning": [
                              "object",
                              {
                                "required_code_scanning_tool": [
                                  "list",
                                  [
                                    "object",
                                    {
                                      "alerts_threshold": "string",
                                      "security_alerts_threshold": "string",
                                      "tool": "string"
                                    }
                                  ]
                                ]
                              }
                            ],
                            "required_deployments": [
                              "object",
                              {
                                "required_deployment_environments": [
                                  "list",
                                  "string"
                                ]
                              }
                            ],
                            "required_linear_history": "bool",
                            "required_signatures": "bool",
                            "required_status_checks": [
                              "object",
                              {
                                "do_not_enforce_on_create": "bool",
                                "required_check": [
                                  "list",
                                  [
                                    "object",
                                    {
                                      "context": "string",
                                      "integration_id": "number"
                                    }
                                  ]
                                ],
                                "strict_required_status_checks_policy": "bool"
                              }
                            ],
                            "tag_name_pattern": [
                              "object",
                              {
                                "name": "string",
                                "negate": "bool",
                                "operator": "string",
                                "pattern": "string"
                              }
                            ],
                            "update": "bool",
                            "update_allows_fetch_and_merge": "bool"
                          }
                        ],
                        "target": "string"
                      }
                    ]
                  ],
                  "security_and_analysis": [
                    "object",
                    {
                      "advanced_security": "dynamic",
                      "code_security": "dynamic",
                      "secret_scanning": "bool",
                      "secret_scanning_ai_detection": "dynamic",
                      "secret_scanning_non_provider_patterns": "dynamic",
                      "secret_scanning_push_protection": "bool"
                    }
                  ],
                  "source_owner": "dynamic",
                  "source_repo": "dynamic",
                  "squash_merge_commit_message": "string",
                  "squash_merge_commit_title": "string",
                  "template": [
                    "object",
                    {
                      "include_all_branches": "bool",
                      "owner": "dynamic",
                      "repository": "dynamic"
                    }
                  ],
                  "topics": [
                    "tuple",
                    [
                      "string",
                      "string",
                      "string",
                      "string",
                      "string",
                      "string",
                      "string",
                      "string",
                      "string"
                    ]
                  ],
                  "visibility": "string",
                  "vulnerability_alerts": "bool",
                  "web_commit_signoff_required": "bool"
                }
              ],
              "powershell-template": [
                "object",
                {
                  "allow_auto_merge": "bool",
                  "allow_forking": "dynamic",
                  "allow_merge_commit": "bool",
                  "allow_rebase_merge": "bool",
                  "allow_squash_merge": "bool",
                  "allow_update_branch": "bool",
                  "archive_on_destroy": "bool",
                  "archived": "bool",
                  "auto_init": "bool",
                  "branches": [
                    "list",
                    "string"
                  ],
                  "delete_branch_on_merge": "bool",
                  "dependabot_security_updates": "bool",
                  "description": "string",
                  "fork": "bool",
                  "gitignore_template": "dynamic",
                  "has_discussions": "bool",
                  "has_issues": "bool",
                  "has_projects": "bool",
                  "has_wiki": "bool",
                  "homepage_url": "dynamic",
                  "ignore_vulnerability_alerts_during_read": "bool",
                  "is_template": "bool",
                  "license_template": "string",
                  "merge_commit_message": "dynamic",
                  "merge_commit_title": "dynamic",
                  "name": "string",
                  "pages": [
                    "object",
                    {
                      "build_type": "dynamic",
                      "cname": "dynamic",
                      "source": [
                        "object",
                        {
                          "branch": "dynamic",
                          "path": "dynamic"
                        }
                      ]
                    }
                  ],
                  "rules": [
                    "list",
                    [
                      "object",
                      {
                        "bypass_actors": [
                          "list",
                          [
                            "object",
                            {
                              "actor_id": "number",
                              "actor_type": "string",
                              "bypass_mode": "string"
                            }
                          ]
                        ],
                        "conditions": [
                          "object",
                          {
                            "exclude": [
                              "list",
                              "string"
                            ],
                            "include": [
                              "list",
                              "string"
                            ]
                          }
                        ],
                        "enforcement": "string",
                        "name": "string",
                        "rules": [
                          "object",
                          {
                            "branch_name_pattern": [
                              "object",
                              {
                                "name": "string",
                                "negate": "bool",
                                "operator": "string",
                                "pattern": "string"
                              }
                            ],
                            "commit_author_email_pattern": [
                              "object",
                              {
                                "name": "string",
                                "negate": "bool",
                                "operator": "string",
                                "pattern": "string"
                              }
                            ],
                            "commit_message_pattern": [
                              "object",
                              {
                                "name": "string",
                                "negate": "bool",
                                "operator": "string",
                                "pattern": "string"
                              }
                            ],
                            "committer_email_pattern": [
                              "object",
                              {
                                "name": "string",
                                "negate": "bool",
                                "operator": "string",
                                "pattern": "string"
                              }
                            ],
                            "copilot_code_review": [
                              "object",
                              {
                                "review_draft_pull_requests": "bool",
                                "review_on_push": "bool"
                              }
                            ],
                            "creation": "bool",
                            "deletion": "bool",
                            "file_extension_restriction": [
                              "object",
                              {
                                "restricted_file_extensions": [
                                  "list",
                                  "string"
                                ]
                              }
                            ],
                            "file_path_restriction": [
                              "object",
                              {
                                "restricted_file_paths": [
                                  "list",
                                  "string"
                                ]
                              }
                            ],
                            "max_file_path_length": [
                              "object",
                              {
                                "max_file_path_length": "number"
                              }
                            ],
                            "max_file_size": [
                              "object",
                              {
                                "max_file_size": "number"
                              }
                            ],
                            "merge_queue": [
                              "object",
                              {
                                "check_response_timeout_minutes": "number",
                                "grouping_strategy": "string",
                                "max_entries_to_build": "number",
                                "max_entries_to_merge": "number",
                                "merge_method": "string",
                                "min_entries_to_merge": "number",
                                "min_entries_to_merge_wait_minutes": "number"
                              }
                            ],
                            "non_fast_forward": "bool",
                            "pull_request": [
                              "object",
                              {
                                "allowed_merge_methods": [
                                  "list",
                                  "string"
                                ],
                                "dismiss_stale_reviews_on_push": "bool",
                                "require_code_owner_review": "bool",
                                "require_last_push_approval": "bool",
                                "required_approving_review_count": "number",
                                "required_review_thread_resolution": "bool"
                              }
                            ],
                            "required_code_scanning": [
                              "object",
                              {
                                "required_code_scanning_tool": [
                                  "list",
                                  [
                                    "object",
                                    {
                                      "alerts_threshold": "string",
                                      "security_alerts_threshold": "string",
                                      "tool": "string"
                                    }
                                  ]
                                ]
                              }
                            ],
                            "required_deployments": [
                              "object",
                              {
                                "required_deployment_environments": [
                                  "list",
                                  "string"
                                ]
                              }
                            ],
                            "required_linear_history": "bool",
                            "required_signatures": "bool",
                            "required_status_checks": [
                              "object",
                              {
                                "do_not_enforce_on_create": "bool",
                                "required_check": [
                                  "list",
                                  [
                                    "object",
                                    {
                                      "context": "string",
                                      "integration_id": "number"
                                    }
                                  ]
                                ],
                                "strict_required_status_checks_policy": "bool"
                              }
                            ],
                            "tag_name_pattern": [
                              "object",
                              {
                                "name": "string",
                                "negate": "bool",
                                "operator": "string",
                                "pattern": "string"
                              }
                            ],
                            "update": "bool",
                            "update_allows_fetch_and_merge": "bool"
                          }
                        ],
                        "target": "string"
                      }
                    ]
                  ],
                  "security_and_analysis": [
                    "object",
                    {
                      "advanced_security": "dynamic",
                      "code_security": "dynamic",
                      "secret_scanning": "bool",
                      "secret_scanning_ai_detection": "dynamic",
                      "secret_scanning_non_provider_patterns": "dynamic",
                      "secret_scanning_push_protection": "bool"
                    }
                  ],
                  "source_owner": "dynamic",
                  "source_repo": "dynamic",
                  "squash_merge_commit_message": "string",
                  "squash_merge_commit_title": "string",
                  "template": [
                    "object",
                    {
                      "include_all_branches": "bool",
                      "owner": "dynamic",
                      "repository": "dynamic"
                    }
                  ],
                  "topics": [
                    "tuple",
                    [
                      "string",
                      "string",
                      "string",
                      "string",
                      "string",
                      "string",
                      "string",
                      "string"
                    ]
                  ],
                  "visibility": "string",
                  "vulnerability_alerts": "bool",
                  "web_commit_signoff_required": "bool"
                }
              ],
              "python-template": [
                "object",
                {
                  "allow_auto_merge": "bool",
                  "allow_forking": "dynamic",
                  "allow_merge_commit": "bool",
                  "allow_rebase_merge": "bool",
                  "allow_squash_merge": "bool",
                  "allow_update_branch": "bool",
                  "archive_on_destroy": "bool",
                  "archived": "bool",
                  "auto_init": "bool",
                  "branches": [
                    "list",
                    "string"
                  ],
                  "delete_branch_on_merge": "bool",
                  "dependabot_security_updates": "bool",
                  "description": "string",
                  "fork": "bool",
                  "gitignore_template": "dynamic",
                  "has_discussions": "bool",
                  "has_issues": "bool",
                  "has_projects": "bool",
                  "has_wiki": "bool",
                  "homepage_url": "dynamic",
                  "ignore_vulnerability_alerts_during_read": "bool",
                  "is_template": "bool",
                  "license_template": "string",
                  "merge_commit_message": "dynamic",
                  "merge_commit_title": "dynamic",
                  "name": "string",
                  "pages": [
                    "object",
                    {
                      "build_type": "dynamic",
                      "cname": "dynamic",
                      "source": [
                        "object",
                        {
                          "branch": "dynamic",
                          "path": "dynamic"
                        }
                      ]
                    }
                  ],
                  "rules": [
                    "list",
                    [
                      "object",
                      {
                        "bypass_actors": [
                          "list",
                          [
                            "object",
                            {
                              "actor_id": "number",
                              "actor_type": "string",
                              "bypass_mode": "string"
                            }
                          ]
                        ],
                        "conditions": [
                          "object",
                          {
                            "exclude": [
                              "list",
                              "string"
                            ],
                            "include": [
                              "list",
                              "string"
                            ]
                          }
                        ],
                        "enforcement": "string",
                        "name": "string",
                        "rules": [
                          "object",
                          {
                            "branch_name_pattern": [
                              "object",
                              {
                                "name": "string",
                                "negate": "bool",
                                "operator": "string",
                                "pattern": "string"
                              }
                            ],
                            "commit_author_email_pattern": [
                              "object",
                              {
                                "name": "string",
                                "negate": "bool",
                                "operator": "string",
                                "pattern": "string"
                              }
                            ],
                            "commit_message_pattern": [
                              "object",
                              {
                                "name": "string",
                                "negate": "bool",
                                "operator": "string",
                                "pattern": "string"
                              }
                            ],
                            "committer_email_pattern": [
                              "object",
                              {
                                "name": "string",
                                "negate": "bool",
                                "operator": "string",
                                "pattern": "string"
                              }
                            ],
                            "copilot_code_review": [
                              "object",
                              {
                                "review_draft_pull_requests": "bool",
                                "review_on_push": "bool"
                              }
                            ],
                            "creation": "bool",
                            "deletion": "bool",
                            "file_extension_restriction": [
                              "object",
                              {
                                "restricted_file_extensions": [
                                  "list",
                                  "string"
                                ]
                              }
                            ],
                            "file_path_restriction": [
                              "object",
                              {
                                "restricted_file_paths": [
                                  "list",
                                  "string"
                                ]
                              }
                            ],
                            "max_file_path_length": [
                              "object",
                              {
                                "max_file_path_length": "number"
                              }
                            ],
                            "max_file_size": [
                              "object",
                              {
                                "max_file_size": "number"
                              }
                            ],
                            "merge_queue": [
                              "object",
                              {
                                "check_response_timeout_minutes": "number",
                                "grouping_strategy": "string",
                                "max_entries_to_build": "number",
                                "max_entries_to_merge": "number",
                                "merge_method": "string",
                                "min_entries_to_merge": "number",
                                "min_entries_to_merge_wait_minutes": "number"
                              }
                            ],
                            "non_fast_forward": "bool",
                            "pull_request": [
                              "object",
                              {
                                "allowed_merge_methods": [
                                  "list",
                                  "string"
                                ],
                                "dismiss_stale_reviews_on_push": "bool",
                                "require_code_owner_review": "bool",
                                "require_last_push_approval": "bool",
                                "required_approving_review_count": "number",
                                "required_review_thread_resolution": "bool"
                              }
                            ],
                            "required_code_scanning": [
                              "object",
                              {
                                "required_code_scanning_tool": [
                                  "list",
                                  [
                                    "object",
                                    {
                                      "alerts_threshold": "string",
                                      "security_alerts_threshold": "string",
                                      "tool": "string"
                                    }
                                  ]
                                ]
                              }
                            ],
                            "required_deployments": [
                              "object",
                              {
                                "required_deployment_environments": [
                                  "list",
                                  "string"
                                ]
                              }
                            ],
                            "required_linear_history": "bool",
                            "required_signatures": "bool",
                            "required_status_checks": [
                              "object",
                              {
                                "do_not_enforce_on_create": "bool",
                                "required_check": [
                                  "list",
                                  [
                                    "object",
                                    {
                                      "context": "string",
                                      "integration_id": "number"
                                    }
                                  ]
                                ],
                                "strict_required_status_checks_policy": "bool"
                              }
                            ],
                            "tag_name_pattern": [
                              "object",
                              {
                                "name": "string",
                                "negate": "bool",
                                "operator": "string",
                                "pattern": "string"
                              }
                            ],
                            "update": "bool",
                            "update_allows_fetch_and_merge": "bool"
                          }
                        ],
                        "target": "string"
                      }
                    ]
                  ],
                  "security_and_analysis": [
                    "object",
                    {
                      "advanced_security": "dynamic",
                      "code_security": "dynamic",
                      "secret_scanning": "bool",
                      "secret_scanning_ai_detection": "dynamic",
                      "secret_scanning_non_provider_patterns": "dynamic",
                      "secret_scanning_push_protection": "bool"
                    }
                  ],
                  "source_owner": "dynamic",
                  "source_repo": "dynamic",
                  "squash_merge_commit_message": "string",
                  "squash_merge_commit_title": "string",
                  "template": [
                    "object",
                    {
                      "include_all_branches": "bool",
                      "owner": "dynamic",
                      "repository": "dynamic"
                    }
                  ],
                  "topics": [
                    "tuple",
                    [
                      "string",
                      "string",
                      "string",
                      "string",
                      "string",
                      "string",
                      "string"
                    ]
                  ],
                  "visibility": "string",
                  "vulnerability_alerts": "bool",
                  "web_commit_signoff_required": "bool"
                }
              ],
              "terraform-template": [
                "object",
                {
                  "allow_auto_merge": "bool",
                  "allow_forking": "dynamic",
                  "allow_merge_commit": "bool",
                  "allow_rebase_merge": "bool",
                  "allow_squash_merge": "bool",
                  "allow_update_branch": "bool",
                  "archive_on_destroy": "bool",
                  "archived": "bool",
                  "auto_init": "bool",
                  "branches": [
                    "list",
                    "string"
                  ],
                  "delete_branch_on_merge": "bool",
                  "dependabot_security_updates": "bool",
                  "description": "string",
                  "fork": "bool",
                  "gitignore_template": "dynamic",
                  "has_discussions": "bool",
                  "has_issues": "bool",
                  "has_projects": "bool",
                  "has_wiki": "bool",
                  "homepage_url": "dynamic",
                  "ignore_vulnerability_alerts_during_read": "bool",
                  "is_template": "bool",
                  "license_template": "string",
                  "merge_commit_message": "dynamic",
                  "merge_commit_title": "dynamic",
                  "name": "string",
                  "pages": [
                    "object",
                    {
                      "build_type": "dynamic",
                      "cname": "dynamic",
                      "source": [
                        "object",
                        {
                          "branch": "dynamic",
                          "path": "dynamic"
                        }
                      ]
                    }
                  ],
                  "rules": [
                    "list",
                    [
                      "object",
                      {
                        "bypass_actors": [
                          "list",
                          [
                            "object",
                            {
                              "actor_id": "number",
                              "actor_type": "string",
                              "bypass_mode": "string"
                            }
                          ]
                        ],
                        "conditions": [
                          "object",
                          {
                            "exclude": [
                              "list",
                              "string"
                            ],
                            "include": [
                              "list",
                              "string"
                            ]
                          }
                        ],
                        "enforcement": "string",
                        "name": "string",
                        "rules": [
                          "object",
                          {
                            "branch_name_pattern": [
                              "object",
                              {
                                "name": "string",
                                "negate": "bool",
                                "operator": "string",
                                "pattern": "string"
                              }
                            ],
                            "commit_author_email_pattern": [
                              "object",
                              {
                                "name": "string",
                                "negate": "bool",
                                "operator": "string",
                                "pattern": "string"
                              }
                            ],
                            "commit_message_pattern": [
                              "object",
                              {
                                "name": "string",
                                "negate": "bool",
                                "operator": "string",
                                "pattern": "string"
                              }
                            ],
                            "committer_email_pattern": [
                              "object",
                              {
                                "name": "string",
                                "negate": "bool",
                                "operator": "string",
                                "pattern": "string"
                              }
                            ],
                            "copilot_code_review": [
                              "object",
                              {
                                "review_draft_pull_requests": "bool",
                                "review_on_push": "bool"
                              }
                            ],
                            "creation": "bool",
                            "deletion": "bool",
                            "file_extension_restriction": [
                              "object",
                              {
                                "restricted_file_extensions": [
                                  "list",
                                  "string"
                                ]
                              }
                            ],
                            "file_path_restriction": [
                              "object",
                              {
                                "restricted_file_paths": [
                                  "list",
                                  "string"
                                ]
                              }
                            ],
                            "max_file_path_length": [
                              "object",
                              {
                                "max_file_path_length": "number"
                              }
                            ],
                            "max_file_size": [
                              "object",
                              {
                                "max_file_size": "number"
                              }
                            ],
                            "merge_queue": [
                              "object",
                              {
                                "check_response_timeout_minutes": "number",
                                "grouping_strategy": "string",
                                "max_entries_to_build": "number",
                                "max_entries_to_merge": "number",
                                "merge_method": "string",
                                "min_entries_to_merge": "number",
                                "min_entries_to_merge_wait_minutes": "number"
                              }
                            ],
                            "non_fast_forward": "bool",
                            "pull_request": [
                              "object",
                              {
                                "allowed_merge_methods": [
                                  "list",
                                  "string"
                                ],
                                "dismiss_stale_reviews_on_push": "bool",
                                "require_code_owner_review": "bool",
                                "require_last_push_approval": "bool",
                                "required_approving_review_count": "number",
                                "required_review_thread_resolution": "bool"
                              }
                            ],
                            "required_code_scanning": [
                              "object",
                              {
                                "required_code_scanning_tool": [
                                  "list",
                                  [
                                    "object",
                                    {
                                      "alerts_threshold": "string",
                                      "security_alerts_threshold": "string",
                                      "tool": "string"
                                    }
                                  ]
                                ]
                              }
                            ],
                            "required_deployments": [
                              "object",
                              {
                                "required_deployment_environments": [
                                  "list",
                                  "string"
                                ]
                              }
                            ],
                            "required_linear_history": "bool",
                            "required_signatures": "bool",
                            "required_status_checks": [
                              "object",
                              {
                                "do_not_enforce_on_create": "bool",
                                "required_check": [
                                  "list",
                                  [
                                    "object",
                                    {
                                      "context": "string",
                                      "integration_id": "number"
                                    }
                                  ]
                                ],
                                "strict_required_status_checks_policy": "bool"
                              }
                            ],
                            "tag_name_pattern": [
                              "object",
                              {
                                "name": "string",
                                "negate": "bool",
                                "operator": "string",
                                "pattern": "string"
                              }
                            ],
                            "update": "bool",
                            "update_allows_fetch_and_merge": "bool"
                          }
                        ],
                        "target": "string"
                      }
                    ]
                  ],
                  "security_and_analysis": [
                    "object",
                    {
                      "advanced_security": "dynamic",
                      "code_security": "dynamic",
                      "secret_scanning": "bool",
                      "secret_scanning_ai_detection": "dynamic",
                      "secret_scanning_non_provider_patterns": "dynamic",
                      "secret_scanning_push_protection": "bool"
                    }
                  ],
                  "source_owner": "dynamic",
                  "source_repo": "dynamic",
                  "squash_merge_commit_message": "string",
                  "squash_merge_commit_title": "string",
                  "template": [
                    "object",
                    {
                      "include_all_branches": "bool",
                      "owner": "dynamic",
                      "repository": "dynamic"
                    }
                  ],
                  "topics": [
                    "tuple",
                    [
                      "string",
                      "string",
                      "string",
                      "string",
                      "string",
                      "string",
                      "string",
                      "string"
                    ]
                  ],
                  "visibility": "string",
                  "vulnerability_alerts": "bool",
                  "web_commit_signoff_required": "bool"
                }
              ]
            }
          ],
          "branch_rulesets": [
            "object",
            {
              "NWarila-rules-0": [
                "object",
                {
                  "bypass_actors": [
                    "tuple",
                    []
                  ],
                  "enforcement": "string",
                  "exclude": [
                    "list",
                    "string"
                  ],
                  "include": [
                    "list",
                    "string"
                  ],
                  "name": "string",
                  "repository": "string",
                  "rules": [
                    "object",
                    {
                      "branch_name_pattern": [
                        "object",
                        {
                          "name": "dynamic",
                          "negate": "dynamic",
                          "operator": "dynamic",
                          "pattern": "dynamic"
                        }
                      ],
                      "commit_author_email_pattern": [
                        "object",
                        {
                          "name": "dynamic",
                          "negate": "dynamic",
                          "operator": "dynamic",
                          "pattern": "dynamic"
                        }
                      ],
                      "commit_message_pattern": [
                        "object",
                        {
                          "name": "dynamic",
                          "negate": "dynamic",
                          "operator": "dynamic",
                          "pattern": "dynamic"
                        }
                      ],
                      "committer_email_pattern": [
                        "object",
                        {
                          "name": "dynamic",
                          "negate": "dynamic",
                          "operator": "dynamic",
                          "pattern": "dynamic"
                        }
                      ],
                      "copilot_code_review": [
                        "object",
                        {
                          "review_draft_pull_requests": "dynamic",
                          "review_on_push": "dynamic"
                        }
                      ],
                      "creation": "bool",
                      "deletion": "bool",
                      "file_extension_restriction": [
                        "object",
                        {
                          "restricted_file_extensions": "dynamic"
                        }
                      ],
                      "file_path_restriction": [
                        "object",
                        {
                          "restricted_file_paths": "dynamic"
                        }
                      ],
                      "max_file_path_length": [
                        "object",
                        {
                          "max_file_path_length": "dynamic"
                        }
                      ],
                      "max_file_size": [
                        "object",
                        {
                          "max_file_size": "dynamic"
                        }
                      ],
                      "merge_queue": [
                        "object",
                        {
                          "check_response_timeout_minutes": "dynamic",
                          "grouping_strategy": "dynamic",
                          "max_entries_to_build": "dynamic",
                          "max_entries_to_merge": "dynamic",
                          "merge_method": "dynamic",
                          "min_entries_to_merge": "dynamic",
                          "min_entries_to_merge_wait_minutes": "dynamic"
                        }
                      ],
                      "non_fast_forward": "bool",
                      "pull_request": [
                        "object",
                        {
                          "allowed_merge_methods": "dynamic",
                          "dismiss_stale_reviews_on_push": "dynamic",
                          "require_code_owner_review": "dynamic",
                          "require_last_push_approval": "dynamic",
                          "required_approving_review_count": "dynamic",
                          "required_review_thread_resolution": "dynamic"
                        }
                      ],
                      "required_code_scanning": [
                        "object",
                        {
                          "required_code_scanning_tool": "dynamic"
                        }
                      ],
                      "required_deployments": [
                        "object",
                        {
                          "required_deployment_environments": "dynamic"
                        }
                      ],
                      "required_linear_history": "bool",
                      "required_signatures": "bool",
                      "required_status_checks": [
                        "object",
                        {
                          "do_not_enforce_on_create": "dynamic",
                          "required_check": [
                            "tuple",
                            []
                          ],
                          "strict_required_status_checks_policy": "dynamic"
                        }
                      ],
                      "tag_name_pattern": [
                        "object",
                        {
                          "name": "dynamic",
                          "negate": "dynamic",
                          "operator": "dynamic",
                          "pattern": "dynamic"
                        }
                      ],
                      "update": "bool",
                      "update_allows_fetch_and_merge": "bool"
                    }
                  ],
                  "target": "string"
                }
              ],
              "NWarila-rules-1": [
                "object",
                {
                  "bypass_actors": [
                    "tuple",
                    [
                      [
                        "object",
                        {
                          "actor_id": "number",
                          "actor_type": "string",
                          "bypass_mode": "string"
                        }
                      ]
                    ]
                  ],
                  "enforcement": "string",
                  "exclude": [
                    "list",
                    "string"
                  ],
                  "include": [
                    "list",
                    "string"
                  ],
                  "name": "string",
                  "repository": "string",
                  "rules": [
                    "object",
                    {
                      "branch_name_pattern": [
                        "object",
                        {
                          "name": "dynamic",
                          "negate": "dynamic",
                          "operator": "dynamic",
                          "pattern": "dynamic"
                        }
                      ],
                      "commit_author_email_pattern": [
                        "object",
                        {
                          "name": "dynamic",
                          "negate": "dynamic",
                          "operator": "dynamic",
                          "pattern": "dynamic"
                        }
                      ],
                      "commit_message_pattern": [
                        "object",
                        {
                          "name": "dynamic",
                          "negate": "dynamic",
                          "operator": "dynamic",
                          "pattern": "dynamic"
                        }
                      ],
                      "committer_email_pattern": [
                        "object",
                        {
                          "name": "dynamic",
                          "negate": "dynamic",
                          "operator": "dynamic",
                          "pattern": "dynamic"
                        }
                      ],
                      "copilot_code_review": [
                        "object",
                        {
                          "review_draft_pull_requests": "dynamic",
                          "review_on_push": "dynamic"
                        }
                      ],
                      "creation": "bool",
                      "deletion": "bool",
                      "file_extension_restriction": [
                        "object",
                        {
                          "restricted_file_extensions": "dynamic"
                        }
                      ],
                      "file_path_restriction": [
                        "object",
                        {
                          "restricted_file_paths": "dynamic"
                        }
                      ],
                      "max_file_path_length": [
                        "object",
                        {
                          "max_file_path_length": "dynamic"
                        }
                      ],
                      "max_file_size": [
                        "object",
                        {
                          "max_file_size": "dynamic"
                        }
                      ],
                      "merge_queue": [
                        "object",
                        {
                          "check_response_timeout_minutes": "dynamic",
                          "grouping_strategy": "dynamic",
                          "max_entries_to_build": "dynamic",
                          "max_entries_to_merge": "dynamic",
                          "merge_method": "dynamic",
                          "min_entries_to_merge": "dynamic",
                          "min_entries_to_merge_wait_minutes": "dynamic"
                        }
                      ],
                      "non_fast_forward": "bool",
                      "pull_request": [
                        "object",
                        {
                          "allowed_merge_methods": [
                            "list",
                            "string"
                          ],
                          "dismiss_stale_reviews_on_push": "bool",
                          "require_code_owner_review": "bool",
                          "require_last_push_approval": "bool",
                          "required_approving_review_count": "number",
                          "required_review_thread_resolution": "bool"
                        }
                      ],
                      "required_code_scanning": [
                        "object",
                        {
                          "required_code_scanning_tool": "dynamic"
                        }
                      ],
                      "required_deployments": [
                        "object",
                        {
                          "required_deployment_environments": "dynamic"
                        }
                      ],
                      "required_linear_history": "bool",
                      "required_signatures": "bool",
                      "required_status_checks": [
                        "object",
                        {
                          "do_not_enforce_on_create": "dynamic",
                          "required_check": [
                            "tuple",
                            []
                          ],
                          "strict_required_status_checks_policy": "dynamic"
                        }
                      ],
                      "tag_name_pattern": [
                        "object",
                        {
                          "name": "dynamic",
                          "negate": "dynamic",
                          "operator": "dynamic",
                          "pattern": "dynamic"
                        }
                      ],
                      "update": "bool",
                      "update_allows_fetch_and_merge": "bool"
                    }
                  ],
                  "target": "string"
                }
              ],
              "Resume-rules-0": [
                "object",
                {
                  "bypass_actors": [
                    "tuple",
                    []
                  ],
                  "enforcement": "string",
                  "exclude": [
                    "list",
                    "string"
                  ],
                  "include": [
                    "list",
                    "string"
                  ],
                  "name": "string",
                  "repository": "string",
                  "rules": [
                    "object",
                    {
                      "branch_name_pattern": [
                        "object",
                        {
                          "name": "dynamic",
                          "negate": "dynamic",
                          "operator": "dynamic",
                          "pattern": "dynamic"
                        }
                      ],
                      "commit_author_email_pattern": [
                        "object",
                        {
                          "name": "dynamic",
                          "negate": "dynamic",
                          "operator": "dynamic",
                          "pattern": "dynamic"
                        }
                      ],
                      "commit_message_pattern": [
                        "object",
                        {
                          "name": "dynamic",
                          "negate": "dynamic",
                          "operator": "dynamic",
                          "pattern": "dynamic"
                        }
                      ],
                      "committer_email_pattern": [
                        "object",
                        {
                          "name": "dynamic",
                          "negate": "dynamic",
                          "operator": "dynamic",
                          "pattern": "dynamic"
                        }
                      ],
                      "copilot_code_review": [
                        "object",
                        {
                          "review_draft_pull_requests": "dynamic",
                          "review_on_push": "dynamic"
                        }
                      ],
                      "creation": "bool",
                      "deletion": "bool",
                      "file_extension_restriction": [
                        "object",
                        {
                          "restricted_file_extensions": "dynamic"
                        }
                      ],
                      "file_path_restriction": [
                        "object",
                        {
                          "restricted_file_paths": "dynamic"
                        }
                      ],
                      "max_file_path_length": [
                        "object",
                        {
                          "max_file_path_length": "dynamic"
                        }
                      ],
                      "max_file_size": [
                        "object",
                        {
                          "max_file_size": "dynamic"
                        }
                      ],
                      "merge_queue": [
                        "object",
                        {
                          "check_response_timeout_minutes": "dynamic",
                          "grouping_strategy": "dynamic",
                          "max_entries_to_build": "dynamic",
                          "max_entries_to_merge": "dynamic",
                          "merge_method": "dynamic",
                          "min_entries_to_merge": "dynamic",
                          "min_entries_to_merge_wait_minutes": "dynamic"
                        }
                      ],
                      "non_fast_forward": "bool",
                      "pull_request": [
                        "object",
                        {
                          "allowed_merge_methods": "dynamic",
                          "dismiss_stale_reviews_on_push": "dynamic",
                          "require_code_owner_review": "dynamic",
                          "require_last_push_approval": "dynamic",
                          "required_approving_review_count": "dynamic",
                          "required_review_thread_resolution": "dynamic"
                        }
                      ],
                      "required_code_scanning": [
                        "object",
                        {
                          "required_code_scanning_tool": "dynamic"
                        }
                      ],
                      "required_deployments": [
                        "object",
                        {
                          "required_deployment_environments": "dynamic"
                        }
                      ],
                      "required_linear_history": "bool",
                      "required_signatures": "bool",
                      "required_status_checks": [
                        "object",
                        {
                          "do_not_enforce_on_create": "dynamic",
                          "required_check": [
                            "tuple",
                            []
                          ],
                          "strict_required_status_checks_policy": "dynamic"
                        }
                      ],
                      "tag_name_pattern": [
                        "object",
                        {
                          "name": "dynamic",
                          "negate": "dynamic",
                          "operator": "dynamic",
                          "pattern": "dynamic"
                        }
                      ],
                      "update": "bool",
                      "update_allows_fetch_and_merge": "bool"
                    }
                  ],
                  "target": "string"
                }
              ],
              "Resume-rules-1": [
                "object",
                {
                  "bypass_actors": [
                    "tuple",
                    [
                      [
                        "object",
                        {
                          "actor_id": "number",
                          "actor_type": "string",
                          "bypass_mode": "string"
                        }
                      ]
                    ]
                  ],
                  "enforcement": "string",
                  "exclude": [
                    "list",
                    "string"
                  ],
                  "include": [
                    "list",
                    "string"
                  ],
                  "name": "string",
                  "repository": "string",
                  "rules": [
                    "object",
                    {
                      "branch_name_pattern": [
                        "object",
                        {
                          "name": "dynamic",
                          "negate": "dynamic",
                          "operator": "dynamic",
                          "pattern": "dynamic"
                        }
                      ],
                      "commit_author_email_pattern": [
                        "object",
                        {
                          "name": "dynamic",
                          "negate": "dynamic",
                          "operator": "dynamic",
                          "pattern": "dynamic"
                        }
                      ],
                      "commit_message_pattern": [
                        "object",
                        {
                          "name": "dynamic",
                          "negate": "dynamic",
                          "operator": "dynamic",
                          "pattern": "dynamic"
                        }
                      ],
                      "committer_email_pattern": [
                        "object",
                        {
                          "name": "dynamic",
                          "negate": "dynamic",
                          "operator": "dynamic",
                          "pattern": "dynamic"
                        }
                      ],
                      "copilot_code_review": [
                        "object",
                        {
                          "review_draft_pull_requests": "dynamic",
                          "review_on_push": "dynamic"
                        }
                      ],
                      "creation": "bool",
                      "deletion": "bool",
                      "file_extension_restriction": [
                        "object",
                        {
                          "restricted_file_extensions": "dynamic"
                        }
                      ],
                      "file_path_restriction": [
                        "object",
                        {
                          "restricted_file_paths": "dynamic"
                        }
                      ],
                      "max_file_path_length": [
                        "object",
                        {
                          "max_file_path_length": "dynamic"
                        }
                      ],
                      "max_file_size": [
                        "object",
                        {
                          "max_file_size": "dynamic"
                        }
                      ],
                      "merge_queue": [
                        "object",
                        {
                          "check_response_timeout_minutes": "dynamic",
                          "grouping_strategy": "dynamic",
                          "max_entries_to_build": "dynamic",
                          "max_entries_to_merge": "dynamic",
                          "merge_method": "dynamic",
                          "min_entries_to_merge": "dynamic",
                          "min_entries_to_merge_wait_minutes": "dynamic"
                        }
                      ],
                      "non_fast_forward": "bool",
                      "pull_request": [
                        "object",
                        {
                          "allowed_merge_methods": [
                            "list",
                            "string"
                          ],
                          "dismiss_stale_reviews_on_push": "bool",
                          "require_code_owner_review": "bool",
                          "require_last_push_approval": "bool",
                          "required_approving_review_count": "number",
                          "required_review_thread_resolution": "bool"
                        }
                      ],
                      "required_code_scanning": [
                        "object",
                        {
                          "required_code_scanning_tool": "dynamic"
                        }
                      ],
                      "required_deployments": [
                        "object",
                        {
                          "required_deployment_environments": "dynamic"
                        }
                      ],
                      "required_linear_history": "bool",
                      "required_signatures": "bool",
                      "required_status_checks": [
                        "object",
                        {
                          "do_not_enforce_on_create": "dynamic",
                          "required_check": [
                            "tuple",
                            []
                          ],
                          "strict_required_status_checks_policy": "dynamic"
                        }
                      ],
                      "tag_name_pattern": [
                        "object",
                        {
                          "name": "dynamic",
                          "negate": "dynamic",
                          "operator": "dynamic",
                          "pattern": "dynamic"
                        }
                      ],
                      "update": "bool",
                      "update_allows_fetch_and_merge": "bool"
                    }
                  ],
                  "target": "string"
                }
              ],
              "github-terraform-runner-rules-0": [
                "object",
                {
                  "bypass_actors": [
                    "tuple",
                    []
                  ],
                  "enforcement": "string",
                  "exclude": [
                    "list",
                    "string"
                  ],
                  "include": [
                    "list",
                    "string"
                  ],
                  "name": "string",
                  "repository": "string",
                  "rules": [
                    "object",
                    {
                      "branch_name_pattern": [
                        "object",
                        {
                          "name": "dynamic",
                          "negate": "dynamic",
                          "operator": "dynamic",
                          "pattern": "dynamic"
                        }
                      ],
                      "commit_author_email_pattern": [
                        "object",
                        {
                          "name": "dynamic",
                          "negate": "dynamic",
                          "operator": "dynamic",
                          "pattern": "dynamic"
                        }
                      ],
                      "commit_message_pattern": [
                        "object",
                        {
                          "name": "dynamic",
                          "negate": "dynamic",
                          "operator": "dynamic",
                          "pattern": "dynamic"
                        }
                      ],
                      "committer_email_pattern": [
                        "object",
                        {
                          "name": "dynamic",
                          "negate": "dynamic",
                          "operator": "dynamic",
                          "pattern": "dynamic"
                        }
                      ],
                      "copilot_code_review": [
                        "object",
                        {
                          "review_draft_pull_requests": "dynamic",
                          "review_on_push": "dynamic"
                        }
                      ],
                      "creation": "bool",
                      "deletion": "bool",
                      "file_extension_restriction": [
                        "object",
                        {
                          "restricted_file_extensions": "dynamic"
                        }
                      ],
                      "file_path_restriction": [
                        "object",
                        {
                          "restricted_file_paths": "dynamic"
                        }
                      ],
                      "max_file_path_length": [
                        "object",
                        {
                          "max_file_path_length": "dynamic"
                        }
                      ],
                      "max_file_size": [
                        "object",
                        {
                          "max_file_size": "dynamic"
                        }
                      ],
                      "merge_queue": [
                        "object",
                        {
                          "check_response_timeout_minutes": "dynamic",
                          "grouping_strategy": "dynamic",
                          "max_entries_to_build": "dynamic",
                          "max_entries_to_merge": "dynamic",
                          "merge_method": "dynamic",
                          "min_entries_to_merge": "dynamic",
                          "min_entries_to_merge_wait_minutes": "dynamic"
                        }
                      ],
                      "non_fast_forward": "bool",
                      "pull_request": [
                        "object",
                        {
                          "allowed_merge_methods": "dynamic",
                          "dismiss_stale_reviews_on_push": "dynamic",
                          "require_code_owner_review": "dynamic",
                          "require_last_push_approval": "dynamic",
                          "required_approving_review_count": "dynamic",
                          "required_review_thread_resolution": "dynamic"
                        }
                      ],
                      "required_code_scanning": [
                        "object",
                        {
                          "required_code_scanning_tool": "dynamic"
                        }
                      ],
                      "required_deployments": [
                        "object",
                        {
                          "required_deployment_environments": "dynamic"
                        }
                      ],
                      "required_linear_history": "bool",
                      "required_signatures": "bool",
                      "required_status_checks": [
                        "object",
                        {
                          "do_not_enforce_on_create": "dynamic",
                          "required_check": [
                            "tuple",
                            []
                          ],
                          "strict_required_status_checks_policy": "dynamic"
                        }
                      ],
                      "tag_name_pattern": [
                        "object",
                        {
                          "name": "dynamic",
                          "negate": "dynamic",
                          "operator": "dynamic",
                          "pattern": "dynamic"
                        }
                      ],
                      "update": "bool",
                      "update_allows_fetch_and_merge": "bool"
                    }
                  ],
                  "target": "string"
                }
              ],
              "github-terraform-runner-rules-1": [
                "object",
                {
                  "bypass_actors": [
                    "tuple",
                    [
                      [
                        "object",
                        {
                          "actor_id": "number",
                          "actor_type": "string",
                          "bypass_mode": "string"
                        }
                      ]
                    ]
                  ],
                  "enforcement": "string",
                  "exclude": [
                    "list",
                    "string"
                  ],
                  "include": [
                    "list",
                    "string"
                  ],
                  "name": "string",
                  "repository": "string",
                  "rules": [
                    "object",
                    {
                      "branch_name_pattern": [
                        "object",
                        {
                          "name": "dynamic",
                          "negate": "dynamic",
                          "operator": "dynamic",
                          "pattern": "dynamic"
                        }
                      ],
                      "commit_author_email_pattern": [
                        "object",
                        {
                          "name": "dynamic",
                          "negate": "dynamic",
                          "operator": "dynamic",
                          "pattern": "dynamic"
                        }
                      ],
                      "commit_message_pattern": [
                        "object",
                        {
                          "name": "dynamic",
                          "negate": "dynamic",
                          "operator": "dynamic",
                          "pattern": "dynamic"
                        }
                      ],
                      "committer_email_pattern": [
                        "object",
                        {
                          "name": "dynamic",
                          "negate": "dynamic",
                          "operator": "dynamic",
                          "pattern": "dynamic"
                        }
                      ],
                      "copilot_code_review": [
                        "object",
                        {
                          "review_draft_pull_requests": "dynamic",
                          "review_on_push": "dynamic"
                        }
                      ],
                      "creation": "bool",
                      "deletion": "bool",
                      "file_extension_restriction": [
                        "object",
                        {
                          "restricted_file_extensions": "dynamic"
                        }
                      ],
                      "file_path_restriction": [
                        "object",
                        {
                          "restricted_file_paths": "dynamic"
                        }
                      ],
                      "max_file_path_length": [
                        "object",
                        {
                          "max_file_path_length": "dynamic"
                        }
                      ],
                      "max_file_size": [
                        "object",
                        {
                          "max_file_size": "dynamic"
                        }
                      ],
                      "merge_queue": [
                        "object",
                        {
                          "check_response_timeout_minutes": "dynamic",
                          "grouping_strategy": "dynamic",
                          "max_entries_to_build": "dynamic",
                          "max_entries_to_merge": "dynamic",
                          "merge_method": "dynamic",
                          "min_entries_to_merge": "dynamic",
                          "min_entries_to_merge_wait_minutes": "dynamic"
                        }
                      ],
                      "non_fast_forward": "bool",
                      "pull_request": [
                        "object",
                        {
                          "allowed_merge_methods": [
                            "list",
                            "string"
                          ],
                          "dismiss_stale_reviews_on_push": "bool",
                          "require_code_owner_review": "bool",
                          "require_last_push_approval": "bool",
                          "required_approving_review_count": "number",
                          "required_review_thread_resolution": "bool"
                        }
                      ],
                      "required_code_scanning": [
                        "object",
                        {
                          "required_code_scanning_tool": "dynamic"
                        }
                      ],
                      "required_deployments": [
                        "object",
                        {
                          "required_deployment_environments": "dynamic"
                        }
                      ],
                      "required_linear_history": "bool",
                      "required_signatures": "bool",
                      "required_status_checks": [
                        "object",
                        {
                          "do_not_enforce_on_create": "dynamic",
                          "required_check": [
                            "tuple",
                            []
                          ],
                          "strict_required_status_checks_policy": "dynamic"
                        }
                      ],
                      "tag_name_pattern": [
                        "object",
                        {
                          "name": "dynamic",
                          "negate": "dynamic",
                          "operator": "dynamic",
                          "pattern": "dynamic"
                        }
                      ],
                      "update": "bool",
                      "update_allows_fetch_and_merge": "bool"
                    }
                  ],
                  "target": "string"
                }
              ],
              "packer-template-rules-0": [
                "object",
                {
                  "bypass_actors": [
                    "tuple",
                    []
                  ],
                  "enforcement": "string",
                  "exclude": [
                    "list",
                    "string"
                  ],
                  "include": [
                    "list",
                    "string"
                  ],
                  "name": "string",
                  "repository": "string",
                  "rules": [
                    "object",
                    {
                      "branch_name_pattern": [
                        "object",
                        {
                          "name": "dynamic",
                          "negate": "dynamic",
                          "operator": "dynamic",
                          "pattern": "dynamic"
                        }
                      ],
                      "commit_author_email_pattern": [
                        "object",
                        {
                          "name": "dynamic",
                          "negate": "dynamic",
                          "operator": "dynamic",
                          "pattern": "dynamic"
                        }
                      ],
                      "commit_message_pattern": [
                        "object",
                        {
                          "name": "dynamic",
                          "negate": "dynamic",
                          "operator": "dynamic",
                          "pattern": "dynamic"
                        }
                      ],
                      "committer_email_pattern": [
                        "object",
                        {
                          "name": "dynamic",
                          "negate": "dynamic",
                          "operator": "dynamic",
                          "pattern": "dynamic"
                        }
                      ],
                      "copilot_code_review": [
                        "object",
                        {
                          "review_draft_pull_requests": "dynamic",
                          "review_on_push": "dynamic"
                        }
                      ],
                      "creation": "bool",
                      "deletion": "bool",
                      "file_extension_restriction": [
                        "object",
                        {
                          "restricted_file_extensions": "dynamic"
                        }
                      ],
                      "file_path_restriction": [
                        "object",
                        {
                          "restricted_file_paths": "dynamic"
                        }
                      ],
                      "max_file_path_length": [
                        "object",
                        {
                          "max_file_path_length": "dynamic"
                        }
                      ],
                      "max_file_size": [
                        "object",
                        {
                          "max_file_size": "dynamic"
                        }
                      ],
                      "merge_queue": [
                        "object",
                        {
                          "check_response_timeout_minutes": "dynamic",
                          "grouping_strategy": "dynamic",
                          "max_entries_to_build": "dynamic",
                          "max_entries_to_merge": "dynamic",
                          "merge_method": "dynamic",
                          "min_entries_to_merge": "dynamic",
                          "min_entries_to_merge_wait_minutes": "dynamic"
                        }
                      ],
                      "non_fast_forward": "bool",
                      "pull_request": [
                        "object",
                        {
                          "allowed_merge_methods": "dynamic",
                          "dismiss_stale_reviews_on_push": "dynamic",
                          "require_code_owner_review": "dynamic",
                          "require_last_push_approval": "dynamic",
                          "required_approving_review_count": "dynamic",
                          "required_review_thread_resolution": "dynamic"
                        }
                      ],
                      "required_code_scanning": [
                        "object",
                        {
                          "required_code_scanning_tool": "dynamic"
                        }
                      ],
                      "required_deployments": [
                        "object",
                        {
                          "required_deployment_environments": "dynamic"
                        }
                      ],
                      "required_linear_history": "bool",
                      "required_signatures": "bool",
                      "required_status_checks": [
                        "object",
                        {
                          "do_not_enforce_on_create": "dynamic",
                          "required_check": [
                            "tuple",
                            []
                          ],
                          "strict_required_status_checks_policy": "dynamic"
                        }
                      ],
                      "tag_name_pattern": [
                        "object",
                        {
                          "name": "dynamic",
                          "negate": "dynamic",
                          "operator": "dynamic",
                          "pattern": "dynamic"
                        }
                      ],
                      "update": "bool",
                      "update_allows_fetch_and_merge": "bool"
                    }
                  ],
                  "target": "string"
                }
              ],
              "packer-template-rules-1": [
                "object",
                {
                  "bypass_actors": [
                    "tuple",
                    [
                      [
                        "object",
                        {
                          "actor_id": "number",
                          "actor_type": "string",
                          "bypass_mode": "string"
                        }
                      ]
                    ]
                  ],
                  "enforcement": "string",
                  "exclude": [
                    "list",
                    "string"
                  ],
                  "include": [
                    "list",
                    "string"
                  ],
                  "name": "string",
                  "repository": "string",
                  "rules": [
                    "object",
                    {
                      "branch_name_pattern": [
                        "object",
                        {
                          "name": "dynamic",
                          "negate": "dynamic",
                          "operator": "dynamic",
                          "pattern": "dynamic"
                        }
                      ],
                      "commit_author_email_pattern": [
                        "object",
                        {
                          "name": "dynamic",
                          "negate": "dynamic",
                          "operator": "dynamic",
                          "pattern": "dynamic"
                        }
                      ],
                      "commit_message_pattern": [
                        "object",
                        {
                          "name": "dynamic",
                          "negate": "dynamic",
                          "operator": "dynamic",
                          "pattern": "dynamic"
                        }
                      ],
                      "committer_email_pattern": [
                        "object",
                        {
                          "name": "dynamic",
                          "negate": "dynamic",
                          "operator": "dynamic",
                          "pattern": "dynamic"
                        }
                      ],
                      "copilot_code_review": [
                        "object",
                        {
                          "review_draft_pull_requests": "dynamic",
                          "review_on_push": "dynamic"
                        }
                      ],
                      "creation": "bool",
                      "deletion": "bool",
                      "file_extension_restriction": [
                        "object",
                        {
                          "restricted_file_extensions": "dynamic"
                        }
                      ],
                      "file_path_restriction": [
                        "object",
                        {
                          "restricted_file_paths": "dynamic"
                        }
                      ],
                      "max_file_path_length": [
                        "object",
                        {
                          "max_file_path_length": "dynamic"
                        }
                      ],
                      "max_file_size": [
                        "object",
                        {
                          "max_file_size": "dynamic"
                        }
                      ],
                      "merge_queue": [
                        "object",
                        {
                          "check_response_timeout_minutes": "dynamic",
                          "grouping_strategy": "dynamic",
                          "max_entries_to_build": "dynamic",
                          "max_entries_to_merge": "dynamic",
                          "merge_method": "dynamic",
                          "min_entries_to_merge": "dynamic",
                          "min_entries_to_merge_wait_minutes": "dynamic"
                        }
                      ],
                      "non_fast_forward": "bool",
                      "pull_request": [
                        "object",
                        {
                          "allowed_merge_methods": [
                            "list",
                            "string"
                          ],
                          "dismiss_stale_reviews_on_push": "bool",
                          "require_code_owner_review": "bool",
                          "require_last_push_approval": "bool",
                          "required_approving_review_count": "number",
                          "required_review_thread_resolution": "bool"
                        }
                      ],
                      "required_code_scanning": [
                        "object",
                        {
                          "required_code_scanning_tool": "dynamic"
                        }
                      ],
                      "required_deployments": [
                        "object",
                        {
                          "required_deployment_environments": "dynamic"
                        }
                      ],
                      "required_linear_history": "bool",
                      "required_signatures": "bool",
                      "required_status_checks": [
                        "object",
                        {
                          "do_not_enforce_on_create": "dynamic",
                          "required_check": [
                            "tuple",
                            []
                          ],
                          "strict_required_status_checks_policy": "dynamic"
                        }
                      ],
                      "tag_name_pattern": [
                        "object",
                        {
                          "name": "dynamic",
                          "negate": "dynamic",
                          "operator": "dynamic",
                          "pattern": "dynamic"
                        }
                      ],
                      "update": "bool",
                      "update_allows_fetch_and_merge": "bool"
                    }
                  ],
                  "target": "string"
                }
              ],
              "powershell-template-rules-0": [
                "object",
                {
                  "bypass_actors": [
                    "tuple",
                    []
                  ],
                  "enforcement": "string",
                  "exclude": [
                    "list",
                    "string"
                  ],
                  "include": [
                    "list",
                    "string"
                  ],
                  "name": "string",
                  "repository": "string",
                  "rules": [
                    "object",
                    {
                      "branch_name_pattern": [
                        "object",
                        {
                          "name": "dynamic",
                          "negate": "dynamic",
                          "operator": "dynamic",
                          "pattern": "dynamic"
                        }
                      ],
                      "commit_author_email_pattern": [
                        "object",
                        {
                          "name": "dynamic",
                          "negate": "dynamic",
                          "operator": "dynamic",
                          "pattern": "dynamic"
                        }
                      ],
                      "commit_message_pattern": [
                        "object",
                        {
                          "name": "dynamic",
                          "negate": "dynamic",
                          "operator": "dynamic",
                          "pattern": "dynamic"
                        }
                      ],
                      "committer_email_pattern": [
                        "object",
                        {
                          "name": "dynamic",
                          "negate": "dynamic",
                          "operator": "dynamic",
                          "pattern": "dynamic"
                        }
                      ],
                      "copilot_code_review": [
                        "object",
                        {
                          "review_draft_pull_requests": "dynamic",
                          "review_on_push": "dynamic"
                        }
                      ],
                      "creation": "bool",
                      "deletion": "bool",
                      "file_extension_restriction": [
                        "object",
                        {
                          "restricted_file_extensions": "dynamic"
                        }
                      ],
                      "file_path_restriction": [
                        "object",
                        {
                          "restricted_file_paths": "dynamic"
                        }
                      ],
                      "max_file_path_length": [
                        "object",
                        {
                          "max_file_path_length": "dynamic"
                        }
                      ],
                      "max_file_size": [
                        "object",
                        {
                          "max_file_size": "dynamic"
                        }
                      ],
                      "merge_queue": [
                        "object",
                        {
                          "check_response_timeout_minutes": "dynamic",
                          "grouping_strategy": "dynamic",
                          "max_entries_to_build": "dynamic",
                          "max_entries_to_merge": "dynamic",
                          "merge_method": "dynamic",
                          "min_entries_to_merge": "dynamic",
                          "min_entries_to_merge_wait_minutes": "dynamic"
                        }
                      ],
                      "non_fast_forward": "bool",
                      "pull_request": [
                        "object",
                        {
                          "allowed_merge_methods": "dynamic",
                          "dismiss_stale_reviews_on_push": "dynamic",
                          "require_code_owner_review": "dynamic",
                          "require_last_push_approval": "dynamic",
                          "required_approving_review_count": "dynamic",
                          "required_review_thread_resolution": "dynamic"
                        }
                      ],
                      "required_code_scanning": [
                        "object",
                        {
                          "required_code_scanning_tool": "dynamic"
                        }
                      ],
                      "required_deployments": [
                        "object",
                        {
                          "required_deployment_environments": "dynamic"
                        }
                      ],
                      "required_linear_history": "bool",
                      "required_signatures": "bool",
                      "required_status_checks": [
                        "object",
                        {
                          "do_not_enforce_on_create": "dynamic",
                          "required_check": [
                            "tuple",
                            []
                          ],
                          "strict_required_status_checks_policy": "dynamic"
                        }
                      ],
                      "tag_name_pattern": [
                        "object",
                        {
                          "name": "dynamic",
                          "negate": "dynamic",
                          "operator": "dynamic",
                          "pattern": "dynamic"
                        }
                      ],
                      "update": "bool",
                      "update_allows_fetch_and_merge": "bool"
                    }
                  ],
                  "target": "string"
                }
              ],
              "powershell-template-rules-1": [
                "object",
                {
                  "bypass_actors": [
                    "tuple",
                    [
                      [
                        "object",
                        {
                          "actor_id": "number",
                          "actor_type": "string",
                          "bypass_mode": "string"
                        }
                      ]
                    ]
                  ],
                  "enforcement": "string",
                  "exclude": [
                    "list",
                    "string"
                  ],
                  "include": [
                    "list",
                    "string"
                  ],
                  "name": "string",
                  "repository": "string",
                  "rules": [
                    "object",
                    {
                      "branch_name_pattern": [
                        "object",
                        {
                          "name": "dynamic",
                          "negate": "dynamic",
                          "operator": "dynamic",
                          "pattern": "dynamic"
                        }
                      ],
                      "commit_author_email_pattern": [
                        "object",
                        {
                          "name": "dynamic",
                          "negate": "dynamic",
                          "operator": "dynamic",
                          "pattern": "dynamic"
                        }
                      ],
                      "commit_message_pattern": [
                        "object",
                        {
                          "name": "dynamic",
                          "negate": "dynamic",
                          "operator": "dynamic",
                          "pattern": "dynamic"
                        }
                      ],
                      "committer_email_pattern": [
                        "object",
                        {
                          "name": "dynamic",
                          "negate": "dynamic",
                          "operator": "dynamic",
                          "pattern": "dynamic"
                        }
                      ],
                      "copilot_code_review": [
                        "object",
                        {
                          "review_draft_pull_requests": "dynamic",
                          "review_on_push": "dynamic"
                        }
                      ],
                      "creation": "bool",
                      "deletion": "bool",
                      "file_extension_restriction": [
                        "object",
                        {
                          "restricted_file_extensions": "dynamic"
                        }
                      ],
                      "file_path_restriction": [
                        "object",
                        {
                          "restricted_file_paths": "dynamic"
                        }
                      ],
                      "max_file_path_length": [
                        "object",
                        {
                          "max_file_path_length": "dynamic"
                        }
                      ],
                      "max_file_size": [
                        "object",
                        {
                          "max_file_size": "dynamic"
                        }
                      ],
                      "merge_queue": [
                        "object",
                        {
                          "check_response_timeout_minutes": "dynamic",
                          "grouping_strategy": "dynamic",
                          "max_entries_to_build": "dynamic",
                          "max_entries_to_merge": "dynamic",
                          "merge_method": "dynamic",
                          "min_entries_to_merge": "dynamic",
                          "min_entries_to_merge_wait_minutes": "dynamic"
                        }
                      ],
                      "non_fast_forward": "bool",
                      "pull_request": [
                        "object",
                        {
                          "allowed_merge_methods": [
                            "list",
                            "string"
                          ],
                          "dismiss_stale_reviews_on_push": "bool",
                          "require_code_owner_review": "bool",
                          "require_last_push_approval": "bool",
                          "required_approving_review_count": "number",
                          "required_review_thread_resolution": "bool"
                        }
                      ],
                      "required_code_scanning": [
                        "object",
                        {
                          "required_code_scanning_tool": "dynamic"
                        }
                      ],
                      "required_deployments": [
                        "object",
                        {
                          "required_deployment_environments": "dynamic"
                        }
                      ],
                      "required_linear_history": "bool",
                      "required_signatures": "bool",
                      "required_status_checks": [
                        "object",
                        {
                          "do_not_enforce_on_create": "dynamic",
                          "required_check": [
                            "tuple",
                            []
                          ],
                          "strict_required_status_checks_policy": "dynamic"
                        }
                      ],
                      "tag_name_pattern": [
                        "object",
                        {
                          "name": "dynamic",
                          "negate": "dynamic",
                          "operator": "dynamic",
                          "pattern": "dynamic"
                        }
                      ],
                      "update": "bool",
                      "update_allows_fetch_and_merge": "bool"
                    }
                  ],
                  "target": "string"
                }
              ],
              "python-template-rules-0": [
                "object",
                {
                  "bypass_actors": [
                    "tuple",
                    []
                  ],
                  "enforcement": "string",
                  "exclude": [
                    "list",
                    "string"
                  ],
                  "include": [
                    "list",
                    "string"
                  ],
                  "name": "string",
                  "repository": "string",
                  "rules": [
                    "object",
                    {
                      "branch_name_pattern": [
                        "object",
                        {
                          "name": "dynamic",
                          "negate": "dynamic",
                          "operator": "dynamic",
                          "pattern": "dynamic"
                        }
                      ],
                      "commit_author_email_pattern": [
                        "object",
                        {
                          "name": "dynamic",
                          "negate": "dynamic",
                          "operator": "dynamic",
                          "pattern": "dynamic"
                        }
                      ],
                      "commit_message_pattern": [
                        "object",
                        {
                          "name": "dynamic",
                          "negate": "dynamic",
                          "operator": "dynamic",
                          "pattern": "dynamic"
                        }
                      ],
                      "committer_email_pattern": [
                        "object",
                        {
                          "name": "dynamic",
                          "negate": "dynamic",
                          "operator": "dynamic",
                          "pattern": "dynamic"
                        }
                      ],
                      "copilot_code_review": [
                        "object",
                        {
                          "review_draft_pull_requests": "dynamic",
                          "review_on_push": "dynamic"
                        }
                      ],
                      "creation": "bool",
                      "deletion": "bool",
                      "file_extension_restriction": [
                        "object",
                        {
                          "restricted_file_extensions": "dynamic"
                        }
                      ],
                      "file_path_restriction": [
                        "object",
                        {
                          "restricted_file_paths": "dynamic"
                        }
                      ],
                      "max_file_path_length": [
                        "object",
                        {
                          "max_file_path_length": "dynamic"
                        }
                      ],
                      "max_file_size": [
                        "object",
                        {
                          "max_file_size": "dynamic"
                        }
                      ],
                      "merge_queue": [
                        "object",
                        {
                          "check_response_timeout_minutes": "dynamic",
                          "grouping_strategy": "dynamic",
                          "max_entries_to_build": "dynamic",
                          "max_entries_to_merge": "dynamic",
                          "merge_method": "dynamic",
                          "min_entries_to_merge": "dynamic",
                          "min_entries_to_merge_wait_minutes": "dynamic"
                        }
                      ],
                      "non_fast_forward": "bool",
                      "pull_request": [
                        "object",
                        {
                          "allowed_merge_methods": "dynamic",
                          "dismiss_stale_reviews_on_push": "dynamic",
                          "require_code_owner_review": "dynamic",
                          "require_last_push_approval": "dynamic",
                          "required_approving_review_count": "dynamic",
                          "required_review_thread_resolution": "dynamic"
                        }
                      ],
                      "required_code_scanning": [
                        "object",
                        {
                          "required_code_scanning_tool": "dynamic"
                        }
                      ],
                      "required_deployments": [
                        "object",
                        {
                          "required_deployment_environments": "dynamic"
                        }
                      ],
                      "required_linear_history": "bool",
                      "required_signatures": "bool",
                      "required_status_checks": [
                        "object",
                        {
                          "do_not_enforce_on_create": "dynamic",
                          "required_check": [
                            "tuple",
                            []
                          ],
                          "strict_required_status_checks_policy": "dynamic"
                        }
                      ],
                      "tag_name_pattern": [
                        "object",
                        {
                          "name": "dynamic",
                          "negate": "dynamic",
                          "operator": "dynamic",
                          "pattern": "dynamic"
                        }
                      ],
                      "update": "bool",
                      "update_allows_fetch_and_merge": "bool"
                    }
                  ],
                  "target": "string"
                }
              ],
              "python-template-rules-1": [
                "object",
                {
                  "bypass_actors": [
                    "tuple",
                    [
                      [
                        "object",
                        {
                          "actor_id": "number",
                          "actor_type": "string",
                          "bypass_mode": "string"
                        }
                      ]
                    ]
                  ],
                  "enforcement": "string",
                  "exclude": [
                    "list",
                    "string"
                  ],
                  "include": [
                    "list",
                    "string"
                  ],
                  "name": "string",
                  "repository": "string",
                  "rules": [
                    "object",
                    {
                      "branch_name_pattern": [
                        "object",
                        {
                          "name": "dynamic",
                          "negate": "dynamic",
                          "operator": "dynamic",
                          "pattern": "dynamic"
                        }
                      ],
                      "commit_author_email_pattern": [
                        "object",
                        {
                          "name": "dynamic",
                          "negate": "dynamic",
                          "operator": "dynamic",
                          "pattern": "dynamic"
                        }
                      ],
                      "commit_message_pattern": [
                        "object",
                        {
                          "name": "dynamic",
                          "negate": "dynamic",
                          "operator": "dynamic",
                          "pattern": "dynamic"
                        }
                      ],
                      "committer_email_pattern": [
                        "object",
                        {
                          "name": "dynamic",
                          "negate": "dynamic",
                          "operator": "dynamic",
                          "pattern": "dynamic"
                        }
                      ],
                      "copilot_code_review": [
                        "object",
                        {
                          "review_draft_pull_requests": "dynamic",
                          "review_on_push": "dynamic"
                        }
                      ],
                      "creation": "bool",
                      "deletion": "bool",
                      "file_extension_restriction": [
                        "object",
                        {
                          "restricted_file_extensions": "dynamic"
                        }
                      ],
                      "file_path_restriction": [
                        "object",
                        {
                          "restricted_file_paths": "dynamic"
                        }
                      ],
                      "max_file_path_length": [
                        "object",
                        {
                          "max_file_path_length": "dynamic"
                        }
                      ],
                      "max_file_size": [
                        "object",
                        {
                          "max_file_size": "dynamic"
                        }
                      ],
                      "merge_queue": [
                        "object",
                        {
                          "check_response_timeout_minutes": "dynamic",
                          "grouping_strategy": "dynamic",
                          "max_entries_to_build": "dynamic",
                          "max_entries_to_merge": "dynamic",
                          "merge_method": "dynamic",
                          "min_entries_to_merge": "dynamic",
                          "min_entries_to_merge_wait_minutes": "dynamic"
                        }
                      ],
                      "non_fast_forward": "bool",
                      "pull_request": [
                        "object",
                        {
                          "allowed_merge_methods": [
                            "list",
                            "string"
                          ],
                          "dismiss_stale_reviews_on_push": "bool",
                          "require_code_owner_review": "bool",
                          "require_last_push_approval": "bool",
                          "required_approving_review_count": "number",
                          "required_review_thread_resolution": "bool"
                        }
                      ],
                      "required_code_scanning": [
                        "object",
                        {
                          "required_code_scanning_tool": "dynamic"
                        }
                      ],
                      "required_deployments": [
                        "object",
                        {
                          "required_deployment_environments": "dynamic"
                        }
                      ],
                      "required_linear_history": "bool",
                      "required_signatures": "bool",
                      "required_status_checks": [
                        "object",
                        {
                          "do_not_enforce_on_create": "dynamic",
                          "required_check": [
                            "tuple",
                            []
                          ],
                          "strict_required_status_checks_policy": "dynamic"
                        }
                      ],
                      "tag_name_pattern": [
                        "object",
                        {
                          "name": "dynamic",
                          "negate": "dynamic",
                          "operator": "dynamic",
                          "pattern": "dynamic"
                        }
                      ],
                      "update": "bool",
                      "update_allows_fetch_and_merge": "bool"
                    }
                  ],
                  "target": "string"
                }
              ],
              "terraform-template-rules-0": [
                "object",
                {
                  "bypass_actors": [
                    "tuple",
                    []
                  ],
                  "enforcement": "string",
                  "exclude": [
                    "list",
                    "string"
                  ],
                  "include": [
                    "list",
                    "string"
                  ],
                  "name": "string",
                  "repository": "string",
                  "rules": [
                    "object",
                    {
                      "branch_name_pattern": [
                        "object",
                        {
                          "name": "dynamic",
                          "negate": "dynamic",
                          "operator": "dynamic",
                          "pattern": "dynamic"
                        }
                      ],
                      "commit_author_email_pattern": [
                        "object",
                        {
                          "name": "dynamic",
                          "negate": "dynamic",
                          "operator": "dynamic",
                          "pattern": "dynamic"
                        }
                      ],
                      "commit_message_pattern": [
                        "object",
                        {
                          "name": "dynamic",
                          "negate": "dynamic",
                          "operator": "dynamic",
                          "pattern": "dynamic"
                        }
                      ],
                      "committer_email_pattern": [
                        "object",
                        {
                          "name": "dynamic",
                          "negate": "dynamic",
                          "operator": "dynamic",
                          "pattern": "dynamic"
                        }
                      ],
                      "copilot_code_review": [
                        "object",
                        {
                          "review_draft_pull_requests": "dynamic",
                          "review_on_push": "dynamic"
                        }
                      ],
                      "creation": "bool",
                      "deletion": "bool",
                      "file_extension_restriction": [
                        "object",
                        {
                          "restricted_file_extensions": "dynamic"
                        }
                      ],
                      "file_path_restriction": [
                        "object",
                        {
                          "restricted_file_paths": "dynamic"
                        }
                      ],
                      "max_file_path_length": [
                        "object",
                        {
                          "max_file_path_length": "dynamic"
                        }
                      ],
                      "max_file_size": [
                        "object",
                        {
                          "max_file_size": "dynamic"
                        }
                      ],
                      "merge_queue": [
                        "object",
                        {
                          "check_response_timeout_minutes": "dynamic",
                          "grouping_strategy": "dynamic",
                          "max_entries_to_build": "dynamic",
                          "max_entries_to_merge": "dynamic",
                          "merge_method": "dynamic",
                          "min_entries_to_merge": "dynamic",
                          "min_entries_to_merge_wait_minutes": "dynamic"
                        }
                      ],
                      "non_fast_forward": "bool",
                      "pull_request": [
                        "object",
                        {
                          "allowed_merge_methods": "dynamic",
                          "dismiss_stale_reviews_on_push": "dynamic",
                          "require_code_owner_review": "dynamic",
                          "require_last_push_approval": "dynamic",
                          "required_approving_review_count": "dynamic",
                          "required_review_thread_resolution": "dynamic"
                        }
                      ],
                      "required_code_scanning": [
                        "object",
                        {
                          "required_code_scanning_tool": "dynamic"
                        }
                      ],
                      "required_deployments": [
                        "object",
                        {
                          "required_deployment_environments": "dynamic"
                        }
                      ],
                      "required_linear_history": "bool",
                      "required_signatures": "bool",
                      "required_status_checks": [
                        "object",
                        {
                          "do_not_enforce_on_create": "dynamic",
                          "required_check": [
                            "tuple",
                            []
                          ],
                          "strict_required_status_checks_policy": "dynamic"
                        }
                      ],
                      "tag_name_pattern": [
                        "object",
                        {
                          "name": "dynamic",
                          "negate": "dynamic",
                          "operator": "dynamic",
                          "pattern": "dynamic"
                        }
                      ],
                      "update": "bool",
                      "update_allows_fetch_and_merge": "bool"
                    }
                  ],
                  "target": "string"
                }
              ],
              "terraform-template-rules-1": [
                "object",
                {
                  "bypass_actors": [
                    "tuple",
                    [
                      [
                        "object",
                        {
                          "actor_id": "number",
                          "actor_type": "string",
                          "bypass_mode": "string"
                        }
                      ]
                    ]
                  ],
                  "enforcement": "string",
                  "exclude": [
                    "list",
                    "string"
                  ],
                  "include": [
                    "list",
                    "string"
                  ],
                  "name": "string",
                  "repository": "string",
                  "rules": [
                    "object",
                    {
                      "branch_name_pattern": [
                        "object",
                        {
                          "name": "dynamic",
                          "negate": "dynamic",
                          "operator": "dynamic",
                          "pattern": "dynamic"
                        }
                      ],
                      "commit_author_email_pattern": [
                        "object",
                        {
                          "name": "dynamic",
                          "negate": "dynamic",
                          "operator": "dynamic",
                          "pattern": "dynamic"
                        }
                      ],
                      "commit_message_pattern": [
                        "object",
                        {
                          "name": "dynamic",
                          "negate": "dynamic",
                          "operator": "dynamic",
                          "pattern": "dynamic"
                        }
                      ],
                      "committer_email_pattern": [
                        "object",
                        {
                          "name": "dynamic",
                          "negate": "dynamic",
                          "operator": "dynamic",
                          "pattern": "dynamic"
                        }
                      ],
                      "copilot_code_review": [
                        "object",
                        {
                          "review_draft_pull_requests": "dynamic",
                          "review_on_push": "dynamic"
                        }
                      ],
                      "creation": "bool",
                      "deletion": "bool",
                      "file_extension_restriction": [
                        "object",
                        {
                          "restricted_file_extensions": "dynamic"
                        }
                      ],
                      "file_path_restriction": [
                        "object",
                        {
                          "restricted_file_paths": "dynamic"
                        }
                      ],
                      "max_file_path_length": [
                        "object",
                        {
                          "max_file_path_length": "dynamic"
                        }
                      ],
                      "max_file_size": [
                        "object",
                        {
                          "max_file_size": "dynamic"
                        }
                      ],
                      "merge_queue": [
                        "object",
                        {
                          "check_response_timeout_minutes": "dynamic",
                          "grouping_strategy": "dynamic",
                          "max_entries_to_build": "dynamic",
                          "max_entries_to_merge": "dynamic",
                          "merge_method": "dynamic",
                          "min_entries_to_merge": "dynamic",
                          "min_entries_to_merge_wait_minutes": "dynamic"
                        }
                      ],
                      "non_fast_forward": "bool",
                      "pull_request": [
                        "object",
                        {
                          "allowed_merge_methods": [
                            "list",
                            "string"
                          ],
                          "dismiss_stale_reviews_on_push": "bool",
                          "require_code_owner_review": "bool",
                          "require_last_push_approval": "bool",
                          "required_approving_review_count": "number",
                          "required_review_thread_resolution": "bool"
                        }
                      ],
                      "required_code_scanning": [
                        "object",
                        {
                          "required_code_scanning_tool": "dynamic"
                        }
                      ],
                      "required_deployments": [
                        "object",
                        {
                          "required_deployment_environments": "dynamic"
                        }
                      ],
                      "required_linear_history": "bool",
                      "required_signatures": "bool",
                      "required_status_checks": [
                        "object",
                        {
                          "do_not_enforce_on_create": "dynamic",
                          "required_check": [
                            "tuple",
                            []
                          ],
                          "strict_required_status_checks_policy": "dynamic"
                        }
                      ],
                      "tag_name_pattern": [
                        "object",
                        {
                          "name": "dynamic",
                          "negate": "dynamic",
                          "operator": "dynamic",
                          "pattern": "dynamic"
                        }
                      ],
                      "update": "bool",
                      "update_allows_fetch_and_merge": "bool"
                    }
                  ],
                  "target": "string"
                }
              ]
            }
          ]
        }
      ],
      "sensitive": true
    }
  },
  "resources": [
    {
      "mode": "managed",
      "type": "github_branch_default",
      "name": "default",
      "provider": "provider[\"registry.terraform.io/integrations/github\"]",
      "instances": [
        {
          "index_key": "NWarila",
          "schema_version": 0,
          "attributes": {
            "branch": "main",
            "etag": "W/\"28ea4bb8cc9e7c49ded52bb241a6b7eee3971e3e50501e95fa1284f2638230c8\"",
            "id": "NWarila",
            "rename": true,
            "repository": "NWarila"
          },
          "sensitive_attributes": [],
          "identity_schema_version": 0,
          "private": "bnVsbA==",
          "dependencies": [
            "github_repository.repo"
          ]
        },
        {
          "index_key": "Resume",
          "schema_version": 0,
          "attributes": {
            "branch": "main",
            "etag": "W/\"3465184ded229f3bf106029f70bf17bd2186b08ea50513afcbac82892b9061fc\"",
            "id": "Resume",
            "rename": true,
            "repository": "Resume"
          },
          "sensitive_attributes": [],
          "identity_schema_version": 0,
          "private": "bnVsbA==",
          "dependencies": [
            "github_repository.repo"
          ]
        },
        {
          "index_key": "github-terraform-runner",
          "schema_version": 0,
          "attributes": {
            "branch": "main",
            "etag": "W/\"cadbdfe6c875130826a7ccdc6693d91567f731a761219c824a8509a3bd0a837b\"",
            "id": "github-terraform-runner",
            "rename": true,
            "repository": "github-terraform-runner"
          },
          "sensitive_attributes": [],
          "identity_schema_version": 0,
          "private": "bnVsbA==",
          "dependencies": [
            "github_repository.repo"
          ]
        },
        {
          "index_key": "packer-template",
          "schema_version": 0,
          "attributes": {
            "branch": "main",
            "etag": "W/\"b6077a9466eb1cfe1b82e00863f2e0dba3c83987a7bd52212f889e978f4e0c34\"",
            "id": "packer-template",
            "rename": true,
            "repository": "packer-template"
          },
          "sensitive_attributes": [],
          "identity_schema_version": 0,
          "private": "bnVsbA==",
          "dependencies": [
            "github_repository.repo"
          ]
        },
        {
          "index_key": "powershell-template",
          "schema_version": 0,
          "attributes": {
            "branch": "main",
            "etag": "W/\"2570ed93b303a069c04b121c3f3d1aa36fdd5cfdad84c959ef0b0bc82cb7fa2a\"",
            "id": "powershell-template",
            "rename": true,
            "repository": "powershell-template"
          },
          "sensitive_attributes": [],
          "identity_schema_version": 0,
          "private": "bnVsbA==",
          "dependencies": [
            "github_repository.repo"
          ]
        },
        {
          "index_key": "python-template",
          "schema_version": 0,
          "attributes": {
            "branch": "main",
            "etag": "W/\"323c294450a564444f5900003fd7258a3e97c1d39fc8ec3997de09160871847c\"",
            "id": "python-template",
            "rename": true,
            "repository": "python-template"
          },
          "sensitive_attributes": [],
          "identity_schema_version": 0,
          "private": "bnVsbA==",
          "dependencies": [
            "github_repository.repo"
          ]
        },
        {
          "index_key": "terraform-template",
          "schema_version": 0,
          "attributes": {
            "branch": "main",
            "etag": "W/\"dd8d773f7ae243a3cef28add93a049efaf04ea43e0da073f1d0ded58ab86765e\"",
            "id": "terraform-template",
            "rename": true,
            "repository": "terraform-template"
          },
          "sensitive_attributes": [],
          "identity_schema_version": 0,
          "private": "bnVsbA==",
          "dependencies": [
            "github_repository.repo"
          ]
        }
      ]
    },
    {
      "mode": "managed",
      "type": "github_repository",
      "name": "repo",
      "provider": "provider[\"registry.terraform.io/integrations/github\"]",
      "instances": [
        {
          "index_key": "NWarila",
          "schema_version": 1,
          "attributes": {
            "allow_auto_merge": true,
            "allow_forking": true,
            "allow_merge_commit": false,
            "allow_rebase_merge": false,
            "allow_squash_merge": true,
            "allow_update_branch": true,
            "archive_on_destroy": true,
            "archived": false,
            "auto_init": false,
            "default_branch": "main",
            "delete_branch_on_merge": true,
            "description": "GitHub profile README and account-level configuration repository.",
            "etag": "W/\"28ea4bb8cc9e7c49ded52bb241a6b7eee3971e3e50501e95fa1284f2638230c8\"",
            "fork": "false",
            "full_name": "NWarila/NWarila",
            "git_clone_url": "git://github.com/NWarila/NWarila.git",
            "gitignore_template": null,
            "has_discussions": false,
            "has_downloads": false,
            "has_issues": true,
            "has_projects": false,
            "has_wiki": false,
            "homepage_url": "",
            "html_url": "https://github.com/NWarila/NWarila",
            "http_clone_url": "https://github.com/NWarila/NWarila.git",
            "id": "NWarila",
            "ignore_vulnerability_alerts_during_read": false,
            "is_template": false,
            "license_template": null,
            "merge_commit_message": "PR_TITLE",
            "merge_commit_title": "MERGE_MESSAGE",
            "name": "NWarila",
            "node_id": "MDEwOlJlcG9zaXRvcnkzNzM4Nzk1NDI=",
            "pages": [],
            "primary_language": "HCL",
            "private": false,
            "repo_id": 373879542,
            "security_and_analysis": [
              {
                "advanced_security": [],
                "code_security": [],
                "secret_scanning": [
                  {
                    "status": "enabled"
                  }
                ],
                "secret_scanning_ai_detection": [],
                "secret_scanning_non_provider_patterns": [],
                "secret_scanning_push_protection": [
                  {
                    "status": "enabled"
                  }
                ]
              }
            ],
            "source_owner": "",
            "source_repo": "",
            "squash_merge_commit_message": "PR_BODY",
            "squash_merge_commit_title": "PR_TITLE",
            "ssh_clone_url": "git@github.com:NWarila/NWarila.git",
            "svn_url": "https://github.com/NWarila/NWarila",
            "template": [],
            "topics": [],
            "visibility": "public",
            "vulnerability_alerts": true,
            "web_commit_signoff_required": true
          },
          "sensitive_attributes": [],
          "identity_schema_version": 0,
          "private": "eyJzY2hlbWFfdmVyc2lvbiI6IjEifQ=="
        },
        {
          "index_key": "Resume",
          "schema_version": 1,
          "attributes": {
            "allow_auto_merge": true,
            "allow_forking": true,
            "allow_merge_commit": false,
            "allow_rebase_merge": false,
            "allow_squash_merge": true,
            "allow_update_branch": true,
            "archive_on_destroy": true,
            "archived": false,
            "auto_init": false,
            "default_branch": "main",
            "delete_branch_on_merge": true,
            "description": "Resume, CV, and career-related documents.",
            "etag": "W/\"3465184ded229f3bf106029f70bf17bd2186b08ea50513afcbac82892b9061fc\"",
            "fork": "false",
            "full_name": "NWarila/Resume",
            "git_clone_url": "git://github.com/NWarila/Resume.git",
            "gitignore_template": null,
            "has_discussions": false,
            "has_downloads": false,
            "has_issues": true,
            "has_projects": false,
            "has_wiki": false,
            "homepage_url": "",
            "html_url": "https://github.com/NWarila/Resume",
            "http_clone_url": "https://github.com/NWarila/Resume.git",
            "id": "Resume",
            "ignore_vulnerability_alerts_during_read": false,
            "is_template": false,
            "license_template": null,
            "merge_commit_message": "PR_TITLE",
            "merge_commit_title": "MERGE_MESSAGE",
            "name": "Resume",
            "node_id": "R_kgDOOqeWug",
            "pages": [],
            "primary_language": "",
            "private": true,
            "repo_id": 984061626,
            "security_and_analysis": [],
            "source_owner": "",
            "source_repo": "",
            "squash_merge_commit_message": "PR_BODY",
            "squash_merge_commit_title": "PR_TITLE",
            "ssh_clone_url": "git@github.com:NWarila/Resume.git",
            "svn_url": "https://github.com/NWarila/Resume",
            "template": [],
            "topics": [],
            "visibility": "private",
            "vulnerability_alerts": true,
            "web_commit_signoff_required": true
          },
          "sensitive_attributes": [],
          "identity_schema_version": 0,
          "private": "eyJzY2hlbWFfdmVyc2lvbiI6IjEifQ=="
        },
        {
          "index_key": "github-terraform-runner",
          "schema_version": 1,
          "attributes": {
            "allow_auto_merge": true,
            "allow_forking": true,
            "allow_merge_commit": false,
            "allow_rebase_merge": false,
            "allow_squash_merge": true,
            "allow_update_branch": true,
            "archive_on_destroy": true,
            "archived": false,
            "auto_init": false,
            "default_branch": "main",
            "delete_branch_on_merge": true,
            "description": "GitHub Actions runner for executing the shared Terraform framework against NWarila personal repositories.",
            "etag": "W/\"cadbdfe6c875130826a7ccdc6693d91567f731a761219c824a8509a3bd0a837b\"",
            "fork": "false",
            "full_name": "NWarila/github-terraform-runner",
            "git_clone_url": "git://github.com/NWarila/github-terraform-runner.git",
            "gitignore_template": null,
            "has_discussions": false,
            "has_downloads": false,
            "has_issues": true,
            "has_projects": false,
            "has_wiki": false,
            "homepage_url": "",
            "html_url": "https://github.com/NWarila/github-terraform-runner",
            "http_clone_url": "https://github.com/NWarila/github-terraform-runner.git",
            "id": "github-terraform-runner",
            "ignore_vulnerability_alerts_during_read": false,
            "is_template": false,
            "license_template": null,
            "merge_commit_message": "PR_TITLE",
            "merge_commit_title": "MERGE_MESSAGE",
            "name": "github-terraform-runner",
            "node_id": "R_kgDOR6Ty7g",
            "pages": [],
            "primary_language": "",
            "private": true,
            "repo_id": 1201992430,
            "security_and_analysis": [],
            "source_owner": "",
            "source_repo": "",
            "squash_merge_commit_message": "PR_BODY",
            "squash_merge_commit_title": "PR_TITLE",
            "ssh_clone_url": "git@github.com:NWarila/github-terraform-runner.git",
            "svn_url": "https://github.com/NWarila/github-terraform-runner",
            "template": [],
            "topics": [
              "automation",
              "ci-cd",
              "devsecops",
              "github",
              "github-actions",
              "infrastructure-as-code",
              "terraform"
            ],
            "visibility": "private",
            "vulnerability_alerts": true,
            "web_commit_signoff_required": true
          },
          "sensitive_attributes": [],
          "identity_schema_version": 0,
          "private": "eyJzY2hlbWFfdmVyc2lvbiI6IjEifQ=="
        },
        {
          "index_key": "packer-template",
          "schema_version": 1,
          "attributes": {
            "allow_auto_merge": true,
            "allow_forking": true,
            "allow_merge_commit": false,
            "allow_rebase_merge": false,
            "allow_squash_merge": true,
            "allow_update_branch": true,
            "archive_on_destroy": true,
            "archived": false,
            "auto_init": true,
            "default_branch": "main",
            "delete_branch_on_merge": true,
            "description": "Opinionated Packer project template with CI/CD, validation, and image-building best practices.",
            "etag": "W/\"c5618d48b937233cb5dfdb3d8516ebf23ef734d2ecc292e3ab7bb310755148c3\"",
            "fork": "false",
            "full_name": "NWarila/packer-template",
            "git_clone_url": "git://github.com/NWarila/packer-template.git",
            "gitignore_template": null,
            "has_discussions": false,
            "has_downloads": false,
            "has_issues": true,
            "has_projects": false,
            "has_wiki": false,
            "homepage_url": "",
            "html_url": "https://github.com/NWarila/packer-template",
            "http_clone_url": "https://github.com/NWarila/packer-template.git",
            "id": "packer-template",
            "ignore_vulnerability_alerts_during_read": false,
            "is_template": true,
            "license_template": "MIT",
            "merge_commit_message": "PR_TITLE",
            "merge_commit_title": "MERGE_MESSAGE",
            "name": "packer-template",
            "node_id": "R_kgDOR6UOyA",
            "pages": [],
            "primary_language": "",
            "private": false,
            "repo_id": 1201999560,
            "security_and_analysis": [
              {
                "advanced_security": [],
                "code_security": [],
                "secret_scanning": [
                  {
                    "status": "enabled"
                  }
                ],
                "secret_scanning_ai_detection": [],
                "secret_scanning_non_provider_patterns": [],
                "secret_scanning_push_protection": [
                  {
                    "status": "enabled"
                  }
                ]
              }
            ],
            "source_owner": "",
            "source_repo": "",
            "squash_merge_commit_message": "PR_BODY",
            "squash_merge_commit_title": "PR_TITLE",
            "ssh_clone_url": "git@github.com:NWarila/packer-template.git",
            "svn_url": "https://github.com/NWarila/packer-template",
            "template": [],
            "topics": [
              "best-practices",
              "ci-cd",
              "devsecops",
              "hashicorp",
              "image-building",
              "infrastructure-as-code",
              "packer",
              "project-template",
              "template"
            ],
            "visibility": "public",
            "vulnerability_alerts": true,
            "web_commit_signoff_required": true
          },
          "sensitive_attributes": [],
          "identity_schema_version": 0,
          "private": "eyJzY2hlbWFfdmVyc2lvbiI6IjEifQ=="
        },
        {
          "index_key": "powershell-template",
          "schema_version": 1,
          "attributes": {
            "allow_auto_merge": true,
            "allow_forking": true,
            "allow_merge_commit": false,
            "allow_rebase_merge": false,
            "allow_squash_merge": true,
            "allow_update_branch": true,
            "archive_on_destroy": true,
            "archived": false,
            "auto_init": true,
            "default_branch": "main",
            "delete_branch_on_merge": true,
            "description": "Opinionated PowerShell module/script template with CI/CD, Pester testing, and packaging best practices.",
            "etag": "W/\"367ba0aaba9de109ca34b1360be2dcfb442bf68b4f81e644db96f812ab7246b6\"",
            "fork": "false",
            "full_name": "NWarila/powershell-template",
            "git_clone_url": "git://github.com/NWarila/powershell-template.git",
            "gitignore_template": null,
            "has_discussions": false,
            "has_downloads": false,
            "has_issues": true,
            "has_projects": false,
            "has_wiki": false,
            "homepage_url": "",
            "html_url": "https://github.com/NWarila/powershell-template",
            "http_clone_url": "https://github.com/NWarila/powershell-template.git",
            "id": "powershell-template",
            "ignore_vulnerability_alerts_during_read": false,
            "is_template": true,
            "license_template": "MIT",
            "merge_commit_message": "PR_TITLE",
            "merge_commit_title": "MERGE_MESSAGE",
            "name": "powershell-template",
            "node_id": "R_kgDOR6UOow",
            "pages": [],
            "primary_language": "",
            "private": false,
            "repo_id": 1201999523,
            "security_and_analysis": [
              {
                "advanced_security": [],
                "code_security": [],
                "secret_scanning": [
                  {
                    "status": "enabled"
                  }
                ],
                "secret_scanning_ai_detection": [],
                "secret_scanning_non_provider_patterns": [],
                "secret_scanning_push_protection": [
                  {
                    "status": "enabled"
                  }
                ]
              }
            ],
            "source_owner": "",
            "source_repo": "",
            "squash_merge_commit_message": "PR_BODY",
            "squash_merge_commit_title": "PR_TITLE",
            "ssh_clone_url": "git@github.com:NWarila/powershell-template.git",
            "svn_url": "https://github.com/NWarila/powershell-template",
            "template": [],
            "topics": [
              "best-practices",
              "ci-cd",
              "devsecops",
              "pester",
              "powershell",
              "project-template",
              "template",
              "windows"
            ],
            "visibility": "public",
            "vulnerability_alerts": true,
            "web_commit_signoff_required": true
          },
          "sensitive_attributes": [],
          "identity_schema_version": 0,
          "private": "eyJzY2hlbWFfdmVyc2lvbiI6IjEifQ=="
        },
        {
          "index_key": "python-template",
          "schema_version": 1,
          "attributes": {
            "allow_auto_merge": true,
            "allow_forking": true,
            "allow_merge_commit": false,
            "allow_rebase_merge": false,
            "allow_squash_merge": true,
            "allow_update_branch": true,
            "archive_on_destroy": true,
            "archived": false,
            "auto_init": true,
            "default_branch": "main",
            "delete_branch_on_merge": true,
            "description": "Opinionated Python project template with CI/CD, linting, testing, and packaging best practices.",
            "etag": "W/\"323c294450a564444f5900003fd7258a3e97c1d39fc8ec3997de09160871847c\"",
            "fork": "false",
            "full_name": "NWarila/python-template",
            "git_clone_url": "git://github.com/NWarila/python-template.git",
            "gitignore_template": null,
            "has_discussions": false,
            "has_downloads": false,
            "has_issues": true,
            "has_projects": false,
            "has_wiki": false,
            "homepage_url": "",
            "html_url": "https://github.com/NWarila/python-template",
            "http_clone_url": "https://github.com/NWarila/python-template.git",
            "id": "python-template",
            "ignore_vulnerability_alerts_during_read": false,
            "is_template": true,
            "license_template": "MIT",
            "merge_commit_message": "PR_TITLE",
            "merge_commit_title": "MERGE_MESSAGE",
            "name": "python-template",
            "node_id": "R_kgDOR6UObA",
            "pages": [],
            "primary_language": "",
            "private": false,
            "repo_id": 1201999468,
            "security_and_analysis": [
              {
                "advanced_security": [],
                "code_security": [],
                "secret_scanning": [
                  {
                    "status": "enabled"
                  }
                ],
                "secret_scanning_ai_detection": [],
                "secret_scanning_non_provider_patterns": [],
                "secret_scanning_push_protection": [
                  {
                    "status": "enabled"
                  }
                ]
              }
            ],
            "source_owner": "",
            "source_repo": "",
            "squash_merge_commit_message": "PR_BODY",
            "squash_merge_commit_title": "PR_TITLE",
            "ssh_clone_url": "git@github.com:NWarila/python-template.git",
            "svn_url": "https://github.com/NWarila/python-template",
            "template": [],
            "topics": [
              "best-practices",
              "ci-cd",
              "cookiecutter",
              "devsecops",
              "project-template",
              "python",
              "template"
            ],
            "visibility": "public",
            "vulnerability_alerts": true,
            "web_commit_signoff_required": true
          },
          "sensitive_attributes": [],
          "identity_schema_version": 0,
          "private": "eyJzY2hlbWFfdmVyc2lvbiI6IjEifQ=="
        },
        {
          "index_key": "terraform-template",
          "schema_version": 1,
          "attributes": {
            "allow_auto_merge": true,
            "allow_forking": true,
            "allow_merge_commit": false,
            "allow_rebase_merge": false,
            "allow_squash_merge": true,
            "allow_update_branch": true,
            "archive_on_destroy": true,
            "archived": false,
            "auto_init": true,
            "default_branch": "main",
            "delete_branch_on_merge": true,
            "description": "Opinionated Terraform project template with CI/CD, validation, and infrastructure-as-code best practices.",
            "etag": "W/\"5123015b0ef111ff3299dd58aa56cbcb00d0cc5fade6c9e9c85d998c91161589\"",
            "fork": "false",
            "full_name": "NWarila/terraform-template",
            "git_clone_url": "git://github.com/NWarila/terraform-template.git",
            "gitignore_template": null,
            "has_discussions": false,
            "has_downloads": false,
            "has_issues": true,
            "has_projects": false,
            "has_wiki": false,
            "homepage_url": "",
            "html_url": "https://github.com/NWarila/terraform-template",
            "http_clone_url": "https://github.com/NWarila/terraform-template.git",
            "id": "terraform-template",
            "ignore_vulnerability_alerts_during_read": false,
            "is_template": true,
            "license_template": "MIT",
            "merge_commit_message": "PR_TITLE",
            "merge_commit_title": "MERGE_MESSAGE",
            "name": "terraform-template",
            "node_id": "R_kgDOR6UOiw",
            "pages": [],
            "primary_language": "",
            "private": false,
            "repo_id": 1201999499,
            "security_and_analysis": [
              {
                "advanced_security": [],
                "code_security": [],
                "secret_scanning": [
                  {
                    "status": "enabled"
                  }
                ],
                "secret_scanning_ai_detection": [],
                "secret_scanning_non_provider_patterns": [],
                "secret_scanning_push_protection": [
                  {
                    "status": "enabled"
                  }
                ]
              }
            ],
            "source_owner": "",
            "source_repo": "",
            "squash_merge_commit_message": "PR_BODY",
            "squash_merge_commit_title": "PR_TITLE",
            "ssh_clone_url": "git@github.com:NWarila/terraform-template.git",
            "svn_url": "https://github.com/NWarila/terraform-template",
            "template": [],
            "topics": [
              "best-practices",
              "ci-cd",
              "devsecops",
              "hashicorp",
              "infrastructure-as-code",
              "project-template",
              "template",
              "terraform"
            ],
            "visibility": "public",
            "vulnerability_alerts": true,
            "web_commit_signoff_required": true
          },
          "sensitive_attributes": [],
          "identity_schema_version": 0,
          "private": "eyJzY2hlbWFfdmVyc2lvbiI6IjEifQ=="
        }
      ]
    },
    {
      "mode": "managed",
      "type": "github_repository_dependabot_security_updates",
      "name": "repo",
      "provider": "provider[\"registry.terraform.io/integrations/github\"]",
      "instances": [
        {
          "index_key": "NWarila",
          "schema_version": 0,
          "attributes": {
            "enabled": true,
            "id": "NWarila",
            "repository": "NWarila"
          },
          "sensitive_attributes": [],
          "identity_schema_version": 0,
          "private": "bnVsbA==",
          "dependencies": [
            "github_repository.repo"
          ]
        },
        {
          "index_key": "Resume",
          "schema_version": 0,
          "attributes": {
            "enabled": true,
            "id": "Resume",
            "repository": "Resume"
          },
          "sensitive_attributes": [],
          "identity_schema_version": 0,
          "private": "bnVsbA==",
          "dependencies": [
            "github_repository.repo"
          ]
        },
        {
          "index_key": "github-terraform-runner",
          "schema_version": 0,
          "attributes": {
            "enabled": true,
            "id": "github-terraform-runner",
            "repository": "github-terraform-runner"
          },
          "sensitive_attributes": [],
          "identity_schema_version": 0,
          "private": "bnVsbA==",
          "dependencies": [
            "github_repository.repo"
          ]
        },
        {
          "index_key": "packer-template",
          "schema_version": 0,
          "attributes": {
            "enabled": true,
            "id": "packer-template",
            "repository": "packer-template"
          },
          "sensitive_attributes": [],
          "identity_schema_version": 0,
          "private": "bnVsbA==",
          "dependencies": [
            "github_repository.repo"
          ]
        },
        {
          "index_key": "powershell-template",
          "schema_version": 0,
          "attributes": {
            "enabled": true,
            "id": "powershell-template",
            "repository": "powershell-template"
          },
          "sensitive_attributes": [],
          "identity_schema_version": 0,
          "private": "bnVsbA==",
          "dependencies": [
            "github_repository.repo"
          ]
        },
        {
          "index_key": "python-template",
          "schema_version": 0,
          "attributes": {
            "enabled": true,
            "id": "python-template",
            "repository": "python-template"
          },
          "sensitive_attributes": [],
          "identity_schema_version": 0,
          "private": "bnVsbA==",
          "dependencies": [
            "github_repository.repo"
          ]
        },
        {
          "index_key": "terraform-template",
          "schema_version": 0,
          "attributes": {
            "enabled": true,
            "id": "terraform-template",
            "repository": "terraform-template"
          },
          "sensitive_attributes": [],
          "identity_schema_version": 0,
          "private": "bnVsbA==",
          "dependencies": [
            "github_repository.repo"
          ]
        }
      ]
    },
    {
      "mode": "managed",
      "type": "github_repository_ruleset",
      "name": "branch",
      "provider": "provider[\"registry.terraform.io/integrations/github\"]",
      "instances": [
        {
          "index_key": "NWarila-rules-0",
          "schema_version": 1,
          "attributes": {
            "bypass_actors": [],
            "conditions": [
              {
                "ref_name": [
                  {
                    "exclude": [],
                    "include": [
                      "~DEFAULT_BRANCH"
                    ]
                  }
                ]
              }
            ],
            "enforcement": "active",
            "etag": "W/\"87223b10e396dd350a0b62e2c19eaf566b03aca187ffdc1673ac278d74835486\"",
            "id": "14072919",
            "name": "Default Branch Protection",
            "node_id": "RRS_lACqUmVwb3NpdG9yec4WSPL2zgDWvFc",
            "repository": "NWarila",
            "rules": [
              {
                "branch_name_pattern": [],
                "commit_author_email_pattern": [],
                "commit_message_pattern": [],
                "committer_email_pattern": [],
                "copilot_code_review": [],
                "creation": true,
                "deletion": true,
                "file_extension_restriction": [],
                "file_path_restriction": [],
                "max_file_path_length": [],
                "max_file_size": [],
                "merge_queue": [],
                "non_fast_forward": true,
                "pull_request": [],
                "required_code_scanning": [],
                "required_deployments": [],
                "required_linear_history": true,
                "required_signatures": true,
                "required_status_checks": [],
                "tag_name_pattern": [],
                "update": false,
                "update_allows_fetch_and_merge": false
              }
            ],
            "ruleset_id": 14072919,
            "target": "branch"
          },
          "sensitive_attributes": [],
          "identity_schema_version": 0,
          "private": "eyJzY2hlbWFfdmVyc2lvbiI6IjEifQ==",
          "dependencies": [
            "github_branch.branches",
            "github_branch_default.default",
            "github_repository.repo"
          ]
        },
        {
          "index_key": "NWarila-rules-1",
          "schema_version": 1,
          "attributes": {
            "bypass_actors": [
              {
                "actor_id": 5,
                "actor_type": "RepositoryRole",
                "bypass_mode": "pull_request"
              }
            ],
            "conditions": [
              {
                "ref_name": [
                  {
                    "exclude": [],
                    "include": [
                      "~DEFAULT_BRANCH"
                    ]
                  }
                ]
              }
            ],
            "enforcement": "active",
            "etag": "W/\"14733e70ac05a4f560dfe121d1728f523c9cb957c07d0adeb275ad03412d180a\"",
            "id": "14072908",
            "name": "Pull Request Gate",
            "node_id": "RRS_lACqUmVwb3NpdG9yec4WSPL2zgDWvEw",
            "repository": "NWarila",
            "rules": [
              {
                "branch_name_pattern": [],
                "commit_author_email_pattern": [],
                "commit_message_pattern": [],
                "committer_email_pattern": [],
                "copilot_code_review": [],
                "creation": false,
                "deletion": false,
                "file_extension_restriction": [],
                "file_path_restriction": [],
                "max_file_path_length": [],
                "max_file_size": [],
                "merge_queue": [],
                "non_fast_forward": false,
                "pull_request": [
                  {
                    "allowed_merge_methods": [
                      "squash"
                    ],
                    "dismiss_stale_reviews_on_push": true,
                    "require_code_owner_review": true,
                    "require_last_push_approval": true,
                    "required_approving_review_count": 1,
                    "required_review_thread_resolution": true
                  }
                ],
                "required_code_scanning": [],
                "required_deployments": [],
                "required_linear_history": false,
                "required_signatures": false,
                "required_status_checks": [],
                "tag_name_pattern": [],
                "update": false,
                "update_allows_fetch_and_merge": false
              }
            ],
            "ruleset_id": 14072908,
            "target": "branch"
          },
          "sensitive_attributes": [],
          "identity_schema_version": 0,
          "private": "eyJzY2hlbWFfdmVyc2lvbiI6IjEifQ==",
          "dependencies": [
            "github_branch.branches",
            "github_branch_default.default",
            "github_repository.repo"
          ]
        },
        {
          "index_key": "Resume-rules-0",
          "schema_version": 1,
          "attributes": {
            "bypass_actors": [],
            "conditions": [
              {
                "ref_name": [
                  {
                    "exclude": [],
                    "include": [
                      "~DEFAULT_BRANCH"
                    ]
                  }
                ]
              }
            ],
            "enforcement": "active",
            "etag": "W/\"60f6ed7ec3988c8cdcd56db834585596bf2ce05fb97423d21caaaddbdb16b3e1\"",
            "id": "14072948",
            "name": "Default Branch Protection",
            "node_id": "RRS_lACqUmVwb3NpdG9yec46p5a6zgDWvHQ",
            "repository": "Resume",
            "rules": [
              {
                "branch_name_pattern": [],
                "commit_author_email_pattern": [],
                "commit_message_pattern": [],
                "committer_email_pattern": [],
                "copilot_code_review": [],
                "creation": true,
                "deletion": true,
                "file_extension_restriction": [],
                "file_path_restriction": [],
                "max_file_path_length": [],
                "max_file_size": [],
                "merge_queue": [],
                "non_fast_forward": true,
                "pull_request": [],
                "required_code_scanning": [],
                "required_deployments": [],
                "required_linear_history": true,
                "required_signatures": true,
                "required_status_checks": [],
                "tag_name_pattern": [],
                "update": false,
                "update_allows_fetch_and_merge": false
              }
            ],
            "ruleset_id": 14072948,
            "target": "branch"
          },
          "sensitive_attributes": [],
          "identity_schema_version": 0,
          "private": "eyJzY2hlbWFfdmVyc2lvbiI6IjEifQ==",
          "dependencies": [
            "github_branch.branches",
            "github_branch_default.default",
            "github_repository.repo"
          ]
        },
        {
          "index_key": "Resume-rules-1",
          "schema_version": 1,
          "attributes": {
            "bypass_actors": [
              {
                "actor_id": 5,
                "actor_type": "RepositoryRole",
                "bypass_mode": "pull_request"
              }
            ],
            "conditions": [
              {
                "ref_name": [
                  {
                    "exclude": [],
                    "include": [
                      "~DEFAULT_BRANCH"
                    ]
                  }
                ]
              }
            ],
            "enforcement": "active",
            "etag": "W/\"a23844fef28af9952c95a377095c10e2ccd1574864737e17a9ac165c64f87da6\"",
            "id": "14072911",
            "name": "Pull Request Gate",
            "node_id": "RRS_lACqUmVwb3NpdG9yec46p5a6zgDWvE8",
            "repository": "Resume",
            "rules": [
              {
                "branch_name_pattern": [],
                "commit_author_email_pattern": [],
                "commit_message_pattern": [],
                "committer_email_pattern": [],
                "copilot_code_review": [],
                "creation": false,
                "deletion": false,
                "file_extension_restriction": [],
                "file_path_restriction": [],
                "max_file_path_length": [],
                "max_file_size": [],
                "merge_queue": [],
                "non_fast_forward": false,
                "pull_request": [
                  {
                    "allowed_merge_methods": [
                      "squash"
                    ],
                    "dismiss_stale_reviews_on_push": true,
                    "require_code_owner_review": true,
                    "require_last_push_approval": true,
                    "required_approving_review_count": 1,
                    "required_review_thread_resolution": true
                  }
                ],
                "required_code_scanning": [],
                "required_deployments": [],
                "required_linear_history": false,
                "required_signatures": false,
                "required_status_checks": [],
                "tag_name_pattern": [],
                "update": false,
                "update_allows_fetch_and_merge": false
              }
            ],
            "ruleset_id": 14072911,
            "target": "branch"
          },
          "sensitive_attributes": [],
          "identity_schema_version": 0,
          "private": "eyJzY2hlbWFfdmVyc2lvbiI6IjEifQ==",
          "dependencies": [
            "github_branch.branches",
            "github_branch_default.default",
            "github_repository.repo"
          ]
        },
        {
          "index_key": "github-terraform-runner-rules-0",
          "schema_version": 1,
          "attributes": {
            "bypass_actors": [],
            "conditions": [
              {
                "ref_name": [
                  {
                    "exclude": [],
                    "include": [
                      "~DEFAULT_BRANCH"
                    ]
                  }
                ]
              }
            ],
            "enforcement": "active",
            "etag": "\"4f28f429cdfe65d607939efa8238956d0ec775b445a2f6edb9a1654e63bc5f38\"",
            "id": "14709510",
            "name": "Default Branch Protection",
            "node_id": "RRS_lACqUmVwb3NpdG9yec5HpPLuzgDgcwY",
            "repository": "github-terraform-runner",
            "rules": [
              {
                "branch_name_pattern": [],
                "commit_author_email_pattern": [],
                "commit_message_pattern": [],
                "committer_email_pattern": [],
                "copilot_code_review": [],
                "creation": true,
                "deletion": true,
                "file_extension_restriction": [],
                "file_path_restriction": [],
                "max_file_path_length": [],
                "max_file_size": [],
                "merge_queue": [],
                "non_fast_forward": true,
                "pull_request": [],
                "required_code_scanning": [],
                "required_deployments": [],
                "required_linear_history": true,
                "required_signatures": true,
                "required_status_checks": [],
                "tag_name_pattern": [],
                "update": false,
                "update_allows_fetch_and_merge": false
              }
            ],
            "ruleset_id": 14709510,
            "target": "branch"
          },
          "sensitive_attributes": [],
          "identity_schema_version": 0,
          "private": "eyJzY2hlbWFfdmVyc2lvbiI6IjEifQ==",
          "dependencies": [
            "github_branch.branches",
            "github_branch_default.default",
            "github_repository.repo"
          ]
        },
        {
          "index_key": "github-terraform-runner-rules-1",
          "schema_version": 1,
          "attributes": {
            "bypass_actors": [
              {
                "actor_id": 5,
                "actor_type": "RepositoryRole",
                "bypass_mode": "pull_request"
              }
            ],
            "conditions": [
              {
                "ref_name": [
                  {
                    "exclude": [],
                    "include": [
                      "~DEFAULT_BRANCH"
                    ]
                  }
                ]
              }
            ],
            "enforcement": "active",
            "etag": "\"061f4444ad27c488fe5f0c06185a482ab2d6267e94d2d703cf7e622984ebab60\"",
            "id": "14709512",
            "name": "Pull Request Gate",
            "node_id": "RRS_lACqUmVwb3NpdG9yec5HpPLuzgDgcwg",
            "repository": "github-terraform-runner",
            "rules": [
              {
                "branch_name_pattern": [],
                "commit_author_email_pattern": [],
                "commit_message_pattern": [],
                "committer_email_pattern": [],
                "copilot_code_review": [],
                "creation": false,
                "deletion": false,
                "file_extension_restriction": [],
                "file_path_restriction": [],
                "max_file_path_length": [],
                "max_file_size": [],
                "merge_queue": [],
                "non_fast_forward": false,
                "pull_request": [
                  {
                    "allowed_merge_methods": [
                      "squash"
                    ],
                    "dismiss_stale_reviews_on_push": true,
                    "require_code_owner_review": true,
                    "require_last_push_approval": true,
                    "required_approving_review_count": 1,
                    "required_review_thread_resolution": true
                  }
                ],
                "required_code_scanning": [],
                "required_deployments": [],
                "required_linear_history": false,
                "required_signatures": false,
                "required_status_checks": [],
                "tag_name_pattern": [],
                "update": false,
                "update_allows_fetch_and_merge": false
              }
            ],
            "ruleset_id": 14709512,
            "target": "branch"
          },
          "sensitive_attributes": [],
          "identity_schema_version": 0,
          "private": "eyJzY2hlbWFfdmVyc2lvbiI6IjEifQ==",
          "dependencies": [
            "github_branch.branches",
            "github_branch_default.default",
            "github_repository.repo"
          ]
        },
        {
          "index_key": "packer-template-rules-0",
          "schema_version": 1,
          "attributes": {
            "bypass_actors": [],
            "conditions": [
              {
                "ref_name": [
                  {
                    "exclude": [],
                    "include": [
                      "~DEFAULT_BRANCH"
                    ]
                  }
                ]
              }
            ],
            "enforcement": "active",
            "etag": "\"085a253713e6688a8556ef55fa57edc705862474cbb3c1b6db5bc40e1513012e\"",
            "id": "14709513",
            "name": "Default Branch Protection",
            "node_id": "RRS_lACqUmVwb3NpdG9yec5HpQ7IzgDgcwk",
            "repository": "packer-template",
            "rules": [
              {
                "branch_name_pattern": [],
                "commit_author_email_pattern": [],
                "commit_message_pattern": [],
                "committer_email_pattern": [],
                "copilot_code_review": [],
                "creation": true,
                "deletion": true,
                "file_extension_restriction": [],
                "file_path_restriction": [],
                "max_file_path_length": [],
                "max_file_size": [],
                "merge_queue": [],
                "non_fast_forward": true,
                "pull_request": [],
                "required_code_scanning": [],
                "required_deployments": [],
                "required_linear_history": true,
                "required_signatures": true,
                "required_status_checks": [],
                "tag_name_pattern": [],
                "update": false,
                "update_allows_fetch_and_merge": false
              }
            ],
            "ruleset_id": 14709513,
            "target": "branch"
          },
          "sensitive_attributes": [],
          "identity_schema_version": 0,
          "private": "eyJzY2hlbWFfdmVyc2lvbiI6IjEifQ==",
          "dependencies": [
            "github_branch.branches",
            "github_branch_default.default",
            "github_repository.repo"
          ]
        },
        {
          "index_key": "packer-template-rules-1",
          "schema_version": 1,
          "attributes": {
            "bypass_actors": [
              {
                "actor_id": 5,
                "actor_type": "RepositoryRole",
                "bypass_mode": "pull_request"
              }
            ],
            "conditions": [
              {
                "ref_name": [
                  {
                    "exclude": [],
                    "include": [
                      "~DEFAULT_BRANCH"
                    ]
                  }
                ]
              }
            ],
            "enforcement": "active",
            "etag": "\"85034bbac08aa059c1c4b215289465bfb8876ce781c12c4134cf3c59cd592475\"",
            "id": "14709518",
            "name": "Pull Request Gate",
            "node_id": "RRS_lACqUmVwb3NpdG9yec5HpQ7IzgDgcw4",
            "repository": "packer-template",
            "rules": [
              {
                "branch_name_pattern": [],
                "commit_author_email_pattern": [],
                "commit_message_pattern": [],
                "committer_email_pattern": [],
                "copilot_code_review": [],
                "creation": false,
                "deletion": false,
                "file_extension_restriction": [],
                "file_path_restriction": [],
                "max_file_path_length": [],
                "max_file_size": [],
                "merge_queue": [],
                "non_fast_forward": false,
                "pull_request": [
                  {
                    "allowed_merge_methods": [
                      "squash"
                    ],
                    "dismiss_stale_reviews_on_push": true,
                    "require_code_owner_review": true,
                    "require_last_push_approval": true,
                    "required_approving_review_count": 1,
                    "required_review_thread_resolution": true
                  }
                ],
                "required_code_scanning": [],
                "required_deployments": [],
                "required_linear_history": false,
                "required_signatures": false,
                "required_status_checks": [],
                "tag_name_pattern": [],
                "update": false,
                "update_allows_fetch_and_merge": false
              }
            ],
            "ruleset_id": 14709518,
            "target": "branch"
          },
          "sensitive_attributes": [],
          "identity_schema_version": 0,
          "private": "eyJzY2hlbWFfdmVyc2lvbiI6IjEifQ==",
          "dependencies": [
            "github_branch.branches",
            "github_branch_default.default",
            "github_repository.repo"
          ]
        },
        {
          "index_key": "powershell-template-rules-0",
          "schema_version": 1,
          "attributes": {
            "bypass_actors": [],
            "conditions": [
              {
                "ref_name": [
                  {
                    "exclude": [],
                    "include": [
                      "~DEFAULT_BRANCH"
                    ]
                  }
                ]
              }
            ],
            "enforcement": "active",
            "etag": "\"3d483f79f72389a410760ad85bb1c354b23852b5e6bf2ccce7fafdf744299691\"",
            "id": "14709507",
            "name": "Default Branch Protection",
            "node_id": "RRS_lACqUmVwb3NpdG9yec5HpQ6jzgDgcwM",
            "repository": "powershell-template",
            "rules": [
              {
                "branch_name_pattern": [],
                "commit_author_email_pattern": [],
                "commit_message_pattern": [],
                "committer_email_pattern": [],
                "copilot_code_review": [],
                "creation": true,
                "deletion": true,
                "file_extension_restriction": [],
                "file_path_restriction": [],
                "max_file_path_length": [],
                "max_file_size": [],
                "merge_queue": [],
                "non_fast_forward": true,
                "pull_request": [],
                "required_code_scanning": [],
                "required_deployments": [],
                "required_linear_history": true,
                "required_signatures": true,
                "required_status_checks": [],
                "tag_name_pattern": [],
                "update": false,
                "update_allows_fetch_and_merge": false
              }
            ],
            "ruleset_id": 14709507,
            "target": "branch"
          },
          "sensitive_attributes": [],
          "identity_schema_version": 0,
          "private": "eyJzY2hlbWFfdmVyc2lvbiI6IjEifQ==",
          "dependencies": [
            "github_branch.branches",
            "github_branch_default.default",
            "github_repository.repo"
          ]
        },
        {
          "index_key": "powershell-template-rules-1",
          "schema_version": 1,
          "attributes": {
            "bypass_actors": [
              {
                "actor_id": 5,
                "actor_type": "RepositoryRole",
                "bypass_mode": "pull_request"
              }
            ],
            "conditions": [
              {
                "ref_name": [
                  {
                    "exclude": [],
                    "include": [
                      "~DEFAULT_BRANCH"
                    ]
                  }
                ]
              }
            ],
            "enforcement": "active",
            "etag": "\"fcf68b3550f4d43d9408977f42395ac5bc12a431043dc05010a0c328ab7f111a\"",
            "id": "14709517",
            "name": "Pull Request Gate",
            "node_id": "RRS_lACqUmVwb3NpdG9yec5HpQ6jzgDgcw0",
            "repository": "powershell-template",
            "rules": [
              {
                "branch_name_pattern": [],
                "commit_author_email_pattern": [],
                "commit_message_pattern": [],
                "committer_email_pattern": [],
                "copilot_code_review": [],
                "creation": false,
                "deletion": false,
                "file_extension_restriction": [],
                "file_path_restriction": [],
                "max_file_path_length": [],
                "max_file_size": [],
                "merge_queue": [],
                "non_fast_forward": false,
                "pull_request": [
                  {
                    "allowed_merge_methods": [
                      "squash"
                    ],
                    "dismiss_stale_reviews_on_push": true,
                    "require_code_owner_review": true,
                    "require_last_push_approval": true,
                    "required_approving_review_count": 1,
                    "required_review_thread_resolution": true
                  }
                ],
                "required_code_scanning": [],
                "required_deployments": [],
                "required_linear_history": false,
                "required_signatures": false,
                "required_status_checks": [],
                "tag_name_pattern": [],
                "update": false,
                "update_allows_fetch_and_merge": false
              }
            ],
            "ruleset_id": 14709517,
            "target": "branch"
          },
          "sensitive_attributes": [],
          "identity_schema_version": 0,
          "private": "eyJzY2hlbWFfdmVyc2lvbiI6IjEifQ==",
          "dependencies": [
            "github_branch.branches",
            "github_branch_default.default",
            "github_repository.repo"
          ]
        },
        {
          "index_key": "python-template-rules-0",
          "schema_version": 1,
          "attributes": {
            "bypass_actors": [],
            "conditions": [
              {
                "ref_name": [
                  {
                    "exclude": [],
                    "include": [
                      "~DEFAULT_BRANCH"
                    ]
                  }
                ]
              }
            ],
            "enforcement": "active",
            "etag": "\"db1d01196ba676a2f4d273ea4cd1931949f4f88863767b2cf4db5146dd49f1a2\"",
            "id": "14709508",
            "name": "Default Branch Protection",
            "node_id": "RRS_lACqUmVwb3NpdG9yec5HpQ5szgDgcwQ",
            "repository": "python-template",
            "rules": [
              {
                "branch_name_pattern": [],
                "commit_author_email_pattern": [],
                "commit_message_pattern": [],
                "committer_email_pattern": [],
                "copilot_code_review": [],
                "creation": true,
                "deletion": true,
                "file_extension_restriction": [],
                "file_path_restriction": [],
                "max_file_path_length": [],
                "max_file_size": [],
                "merge_queue": [],
                "non_fast_forward": true,
                "pull_request": [],
                "required_code_scanning": [],
                "required_deployments": [],
                "required_linear_history": true,
                "required_signatures": true,
                "required_status_checks": [],
                "tag_name_pattern": [],
                "update": false,
                "update_allows_fetch_and_merge": false
              }
            ],
            "ruleset_id": 14709508,
            "target": "branch"
          },
          "sensitive_attributes": [],
          "identity_schema_version": 0,
          "private": "eyJzY2hlbWFfdmVyc2lvbiI6IjEifQ==",
          "dependencies": [
            "github_branch.branches",
            "github_branch_default.default",
            "github_repository.repo"
          ]
        },
        {
          "index_key": "python-template-rules-1",
          "schema_version": 1,
          "attributes": {
            "bypass_actors": [
              {
                "actor_id": 5,
                "actor_type": "RepositoryRole",
                "bypass_mode": "pull_request"
              }
            ],
            "conditions": [
              {
                "ref_name": [
                  {
                    "exclude": [],
                    "include": [
                      "~DEFAULT_BRANCH"
                    ]
                  }
                ]
              }
            ],
            "enforcement": "active",
            "etag": "\"54bdc4db4d79c24d9e7295ee6e6e09293b7f8b8e8cfd63372d7ee57d31ec3b61\"",
            "id": "14709514",
            "name": "Pull Request Gate",
            "node_id": "RRS_lACqUmVwb3NpdG9yec5HpQ5szgDgcwo",
            "repository": "python-template",
            "rules": [
              {
                "branch_name_pattern": [],
                "commit_author_email_pattern": [],
                "commit_message_pattern": [],
                "committer_email_pattern": [],
                "copilot_code_review": [],
                "creation": false,
                "deletion": false,
                "file_extension_restriction": [],
                "file_path_restriction": [],
                "max_file_path_length": [],
                "max_file_size": [],
                "merge_queue": [],
                "non_fast_forward": false,
                "pull_request": [
                  {
                    "allowed_merge_methods": [
                      "squash"
                    ],
                    "dismiss_stale_reviews_on_push": true,
                    "require_code_owner_review": true,
                    "require_last_push_approval": true,
                    "required_approving_review_count": 1,
                    "required_review_thread_resolution": true
                  }
                ],
                "required_code_scanning": [],
                "required_deployments": [],
                "required_linear_history": false,
                "required_signatures": false,
                "required_status_checks": [],
                "tag_name_pattern": [],
                "update": false,
                "update_allows_fetch_and_merge": false
              }
            ],
            "ruleset_id": 14709514,
            "target": "branch"
          },
          "sensitive_attributes": [],
          "identity_schema_version": 0,
          "private": "eyJzY2hlbWFfdmVyc2lvbiI6IjEifQ==",
          "dependencies": [
            "github_branch.branches",
            "github_branch_default.default",
            "github_repository.repo"
          ]
        },
        {
          "index_key": "terraform-template-rules-0",
          "schema_version": 1,
          "attributes": {
            "bypass_actors": [],
            "conditions": [
              {
                "ref_name": [
                  {
                    "exclude": [],
                    "include": [
                      "~DEFAULT_BRANCH"
                    ]
                  }
                ]
              }
            ],
            "enforcement": "active",
            "etag": "\"ebb06e84537aa6ef57210ad39c98ffe5d8c4fcde1f1dd3763d1cc3807a9919bf\"",
            "id": "14709516",
            "name": "Default Branch Protection",
            "node_id": "RRS_lACqUmVwb3NpdG9yec5HpQ6LzgDgcww",
            "repository": "terraform-template",
            "rules": [
              {
                "branch_name_pattern": [],
                "commit_author_email_pattern": [],
                "commit_message_pattern": [],
                "committer_email_pattern": [],
                "copilot_code_review": [],
                "creation": true,
                "deletion": true,
                "file_extension_restriction": [],
                "file_path_restriction": [],
                "max_file_path_length": [],
                "max_file_size": [],
                "merge_queue": [],
                "non_fast_forward": true,
                "pull_request": [],
                "required_code_scanning": [],
                "required_deployments": [],
                "required_linear_history": true,
                "required_signatures": true,
                "required_status_checks": [],
                "tag_name_pattern": [],
                "update": false,
                "update_allows_fetch_and_merge": false
              }
            ],
            "ruleset_id": 14709516,
            "target": "branch"
          },
          "sensitive_attributes": [],
          "identity_schema_version": 0,
          "private": "eyJzY2hlbWFfdmVyc2lvbiI6IjEifQ==",
          "dependencies": [
            "github_branch.branches",
            "github_branch_default.default",
            "github_repository.repo"
          ]
        },
        {
          "index_key": "terraform-template-rules-1",
          "schema_version": 1,
          "attributes": {
            "bypass_actors": [
              {
                "actor_id": 5,
                "actor_type": "RepositoryRole",
                "bypass_mode": "pull_request"
              }
            ],
            "conditions": [
              {
                "ref_name": [
                  {
                    "exclude": [],
                    "include": [
                      "~DEFAULT_BRANCH"
                    ]
                  }
                ]
              }
            ],
            "enforcement": "active",
            "etag": "\"0b3fdf57e370ab8e70f140fb63a6847995e87ba96319517ef77ddeed6c12f3c8\"",
            "id": "14709511",
            "name": "Pull Request Gate",
            "node_id": "RRS_lACqUmVwb3NpdG9yec5HpQ6LzgDgcwc",
            "repository": "terraform-template",
            "rules": [
              {
                "branch_name_pattern": [],
                "commit_author_email_pattern": [],
                "commit_message_pattern": [],
                "committer_email_pattern": [],
                "copilot_code_review": [],
                "creation": false,
                "deletion": false,
                "file_extension_restriction": [],
                "file_path_restriction": [],
                "max_file_path_length": [],
                "max_file_size": [],
                "merge_queue": [],
                "non_fast_forward": false,
                "pull_request": [
                  {
                    "allowed_merge_methods": [
                      "squash"
                    ],
                    "dismiss_stale_reviews_on_push": true,
                    "require_code_owner_review": true,
                    "require_last_push_approval": true,
                    "required_approving_review_count": 1,
                    "required_review_thread_resolution": true
                  }
                ],
                "required_code_scanning": [],
                "required_deployments": [],
                "required_linear_history": false,
                "required_signatures": false,
                "required_status_checks": [],
                "tag_name_pattern": [],
                "update": false,
                "update_allows_fetch_and_merge": false
              }
            ],
            "ruleset_id": 14709511,
            "target": "branch"
          },
          "sensitive_attributes": [],
          "identity_schema_version": 0,
          "private": "eyJzY2hlbWFfdmVyc2lvbiI6IjEifQ==",
          "dependencies": [
            "github_branch.branches",
            "github_branch_default.default",
            "github_repository.repo"
          ]
        }
      ]
    }
  ],
  "check_results": [
    {
      "object_kind": "check",
      "config_addr": "check.validate_ruleset_enforcement",
      "status": "pass",
      "objects": [
        {
          "object_addr": "check.validate_ruleset_enforcement",
          "status": "pass"
        }
      ]
    },
    {
      "object_kind": "check",
      "config_addr": "check.validate_public_repos_have_description",
      "status": "pass",
      "objects": [
        {
          "object_addr": "check.validate_public_repos_have_description",
          "status": "pass"
        }
      ]
    },
    {
      "object_kind": "check",
      "config_addr": "check.validate_repo_visibility",
      "status": "pass",
      "objects": [
        {
          "object_addr": "check.validate_repo_visibility",
          "status": "pass"
        }
      ]
    },
    {
      "object_kind": "var",
      "config_addr": "var.github_owner",
      "status": "pass",
      "objects": [
        {
          "object_addr": "var.github_owner",
          "status": "pass"
        }
      ]
    }
  ]
}
